// !$*UTF8*$!
{
	archiveVersion = 1;
	classes = {
	};
	objectVersion = 46;
	objects = {

/* Begin PBXBuildFile section */
		21C48EB51EB361E700936EC5 /* AppDelegate.swift in Sources */ = {isa = PBXBuildFile; fileRef = 21C48EB41EB361E700936EC5 /* AppDelegate.swift */; };
		21C48EB71EB361E700936EC5 /* FirstViewController.swift in Sources */ = {isa = PBXBuildFile; fileRef = 21C48EB61EB361E700936EC5 /* FirstViewController.swift */; };
		21C48EB91EB361E700936EC5 /* SecondViewController.swift in Sources */ = {isa = PBXBuildFile; fileRef = 21C48EB81EB361E700936EC5 /* SecondViewController.swift */; };
		21C48EBC1EB361E700936EC5 /* Main.storyboard in Resources */ = {isa = PBXBuildFile; fileRef = 21C48EBA1EB361E700936EC5 /* Main.storyboard */; };
		21C48EBE1EB361E700936EC5 /* Assets.xcassets in Resources */ = {isa = PBXBuildFile; fileRef = 21C48EBD1EB361E700936EC5 /* Assets.xcassets */; };
		21C48EC11EB361E700936EC5 /* LaunchScreen.storyboard in Resources */ = {isa = PBXBuildFile; fileRef = 21C48EBF1EB361E700936EC5 /* LaunchScreen.storyboard */; };
		21C48ECC1EB361E800936EC5 /* foreignbuddyTests.swift in Sources */ = {isa = PBXBuildFile; fileRef = 21C48ECB1EB361E800936EC5 /* foreignbuddyTests.swift */; };
		21C48ED71EB361E800936EC5 /* foreignbuddyUITests.swift in Sources */ = {isa = PBXBuildFile; fileRef = 21C48ED61EB361E800936EC5 /* foreignbuddyUITests.swift */; };
		21C48EE51EB3685100936EC5 /* GoogleService-Info.plist in Resources */ = {isa = PBXBuildFile; fileRef = 21C48EE41EB3685100936EC5 /* GoogleService-Info.plist */; };
		21C48EE61EB3685100936EC5 /* GoogleService-Info.plist in Resources */ = {isa = PBXBuildFile; fileRef = 21C48EE41EB3685100936EC5 /* GoogleService-Info.plist */; };
		21C48EE71EB3685100936EC5 /* GoogleService-Info.plist in Resources */ = {isa = PBXBuildFile; fileRef = 21C48EE41EB3685100936EC5 /* GoogleService-Info.plist */; };
		3CB2A45710782E12751352D1 /* Pods_foreignbuddy.framework in Frameworks */ = {isa = PBXBuildFile; fileRef = DB2E4CD08B42D3C275470C02 /* Pods_foreignbuddy.framework */; };
		3E60131ACA35FE7E48658864 /* Pods_foreignbuddyUITests.framework in Frameworks */ = {isa = PBXBuildFile; fileRef = 2ACC88154D5ED5833E5CEAB8 /* Pods_foreignbuddyUITests.framework */; };
		6BCD26B10B8F770413B29A6F /* Pods_foreignbuddyTests.framework in Frameworks */ = {isa = PBXBuildFile; fileRef = B181F4191049768A0F437249 /* Pods_foreignbuddyTests.framework */; };
/* End PBXBuildFile section */

/* Begin PBXContainerItemProxy section */
		21C48EC81EB361E800936EC5 /* PBXContainerItemProxy */ = {
			isa = PBXContainerItemProxy;
			containerPortal = 21C48EA91EB361E700936EC5 /* Project object */;
			proxyType = 1;
			remoteGlobalIDString = 21C48EB01EB361E700936EC5;
			remoteInfo = foreignbuddy;
		};
		21C48ED31EB361E800936EC5 /* PBXContainerItemProxy */ = {
			isa = PBXContainerItemProxy;
			containerPortal = 21C48EA91EB361E700936EC5 /* Project object */;
			proxyType = 1;
			remoteGlobalIDString = 21C48EB01EB361E700936EC5;
			remoteInfo = foreignbuddy;
		};
/* End PBXContainerItemProxy section */

/* Begin PBXFileReference section */
		120F78FD91FB871378BFA8A5 /* Pods-foreignbuddyTests.debug.xcconfig */ = {isa = PBXFileReference; includeInIndex = 1; lastKnownFileType = text.xcconfig; name = "Pods-foreignbuddyTests.debug.xcconfig"; path = "Pods/Target Support Files/Pods-foreignbuddyTests/Pods-foreignbuddyTests.debug.xcconfig"; sourceTree = "<group>"; };
		21C48EB11EB361E700936EC5 /* foreignbuddy.app */ = {isa = PBXFileReference; explicitFileType = wrapper.application; includeInIndex = 0; path = foreignbuddy.app; sourceTree = BUILT_PRODUCTS_DIR; };
		21C48EB41EB361E700936EC5 /* AppDelegate.swift */ = {isa = PBXFileReference; lastKnownFileType = sourcecode.swift; path = AppDelegate.swift; sourceTree = "<group>"; };
		21C48EB61EB361E700936EC5 /* FirstViewController.swift */ = {isa = PBXFileReference; lastKnownFileType = sourcecode.swift; path = FirstViewController.swift; sourceTree = "<group>"; };
		21C48EB81EB361E700936EC5 /* SecondViewController.swift */ = {isa = PBXFileReference; lastKnownFileType = sourcecode.swift; path = SecondViewController.swift; sourceTree = "<group>"; };
		21C48EBB1EB361E700936EC5 /* Base */ = {isa = PBXFileReference; lastKnownFileType = file.storyboard; name = Base; path = Base.lproj/Main.storyboard; sourceTree = "<group>"; };
		21C48EBD1EB361E700936EC5 /* Assets.xcassets */ = {isa = PBXFileReference; lastKnownFileType = folder.assetcatalog; path = Assets.xcassets; sourceTree = "<group>"; };
		21C48EC01EB361E700936EC5 /* Base */ = {isa = PBXFileReference; lastKnownFileType = file.storyboard; name = Base; path = Base.lproj/LaunchScreen.storyboard; sourceTree = "<group>"; };
		21C48EC21EB361E700936EC5 /* Info.plist */ = {isa = PBXFileReference; lastKnownFileType = text.plist.xml; path = Info.plist; sourceTree = "<group>"; };
		21C48EC71EB361E800936EC5 /* foreignbuddyTests.xctest */ = {isa = PBXFileReference; explicitFileType = wrapper.cfbundle; includeInIndex = 0; path = foreignbuddyTests.xctest; sourceTree = BUILT_PRODUCTS_DIR; };
		21C48ECB1EB361E800936EC5 /* foreignbuddyTests.swift */ = {isa = PBXFileReference; lastKnownFileType = sourcecode.swift; path = foreignbuddyTests.swift; sourceTree = "<group>"; };
		21C48ECD1EB361E800936EC5 /* Info.plist */ = {isa = PBXFileReference; lastKnownFileType = text.plist.xml; path = Info.plist; sourceTree = "<group>"; };
		21C48ED21EB361E800936EC5 /* foreignbuddyUITests.xctest */ = {isa = PBXFileReference; explicitFileType = wrapper.cfbundle; includeInIndex = 0; path = foreignbuddyUITests.xctest; sourceTree = BUILT_PRODUCTS_DIR; };
		21C48ED61EB361E800936EC5 /* foreignbuddyUITests.swift */ = {isa = PBXFileReference; lastKnownFileType = sourcecode.swift; path = foreignbuddyUITests.swift; sourceTree = "<group>"; };
		21C48ED81EB361E800936EC5 /* Info.plist */ = {isa = PBXFileReference; lastKnownFileType = text.plist.xml; path = Info.plist; sourceTree = "<group>"; };
		21C48EE41EB3685100936EC5 /* GoogleService-Info.plist */ = {isa = PBXFileReference; fileEncoding = 4; lastKnownFileType = text.plist.xml; path = "GoogleService-Info.plist"; sourceTree = "<group>"; };
		258FC22EFD9388CBC13F8FCB /* Pods-foreignbuddy.debug.xcconfig */ = {isa = PBXFileReference; includeInIndex = 1; lastKnownFileType = text.xcconfig; name = "Pods-foreignbuddy.debug.xcconfig"; path = "Pods/Target Support Files/Pods-foreignbuddy/Pods-foreignbuddy.debug.xcconfig"; sourceTree = "<group>"; };
		2ACC88154D5ED5833E5CEAB8 /* Pods_foreignbuddyUITests.framework */ = {isa = PBXFileReference; explicitFileType = wrapper.framework; includeInIndex = 0; path = Pods_foreignbuddyUITests.framework; sourceTree = BUILT_PRODUCTS_DIR; };
		3CBBA2FF4884B6AF16FE6E19 /* Pods-foreignbuddy.release.xcconfig */ = {isa = PBXFileReference; includeInIndex = 1; lastKnownFileType = text.xcconfig; name = "Pods-foreignbuddy.release.xcconfig"; path = "Pods/Target Support Files/Pods-foreignbuddy/Pods-foreignbuddy.release.xcconfig"; sourceTree = "<group>"; };
		579EA72466D8C457927BD48D /* Pods-foreignbuddyUITests.debug.xcconfig */ = {isa = PBXFileReference; includeInIndex = 1; lastKnownFileType = text.xcconfig; name = "Pods-foreignbuddyUITests.debug.xcconfig"; path = "Pods/Target Support Files/Pods-foreignbuddyUITests/Pods-foreignbuddyUITests.debug.xcconfig"; sourceTree = "<group>"; };
		81D7346F0992B7969E6D7D94 /* Pods-foreignbuddyTests.release.xcconfig */ = {isa = PBXFileReference; includeInIndex = 1; lastKnownFileType = text.xcconfig; name = "Pods-foreignbuddyTests.release.xcconfig"; path = "Pods/Target Support Files/Pods-foreignbuddyTests/Pods-foreignbuddyTests.release.xcconfig"; sourceTree = "<group>"; };
		B181F4191049768A0F437249 /* Pods_foreignbuddyTests.framework */ = {isa = PBXFileReference; explicitFileType = wrapper.framework; includeInIndex = 0; path = Pods_foreignbuddyTests.framework; sourceTree = BUILT_PRODUCTS_DIR; };
		DB2E4CD08B42D3C275470C02 /* Pods_foreignbuddy.framework */ = {isa = PBXFileReference; explicitFileType = wrapper.framework; includeInIndex = 0; path = Pods_foreignbuddy.framework; sourceTree = BUILT_PRODUCTS_DIR; };
		FD8805F1D9452B3CCCD212DA /* Pods-foreignbuddyUITests.release.xcconfig */ = {isa = PBXFileReference; includeInIndex = 1; lastKnownFileType = text.xcconfig; name = "Pods-foreignbuddyUITests.release.xcconfig"; path = "Pods/Target Support Files/Pods-foreignbuddyUITests/Pods-foreignbuddyUITests.release.xcconfig"; sourceTree = "<group>"; };
/* End PBXFileReference section */

/* Begin PBXFrameworksBuildPhase section */
		21C48EAE1EB361E700936EC5 /* Frameworks */ = {
			isa = PBXFrameworksBuildPhase;
			buildActionMask = 2147483647;
			files = (
				3CB2A45710782E12751352D1 /* Pods_foreignbuddy.framework in Frameworks */,
			);
			runOnlyForDeploymentPostprocessing = 0;
		};
		21C48EC41EB361E800936EC5 /* Frameworks */ = {
			isa = PBXFrameworksBuildPhase;
			buildActionMask = 2147483647;
			files = (
				6BCD26B10B8F770413B29A6F /* Pods_foreignbuddyTests.framework in Frameworks */,
			);
			runOnlyForDeploymentPostprocessing = 0;
		};
		21C48ECF1EB361E800936EC5 /* Frameworks */ = {
			isa = PBXFrameworksBuildPhase;
			buildActionMask = 2147483647;
			files = (
				3E60131ACA35FE7E48658864 /* Pods_foreignbuddyUITests.framework in Frameworks */,
			);
			runOnlyForDeploymentPostprocessing = 0;
		};
/* End PBXFrameworksBuildPhase section */

/* Begin PBXGroup section */
		21C48EA81EB361E700936EC5 = {
			isa = PBXGroup;
			children = (
				21C48EB31EB361E700936EC5 /* foreignbuddy */,
				21C48ECA1EB361E800936EC5 /* foreignbuddyTests */,
				21C48ED51EB361E800936EC5 /* foreignbuddyUITests */,
				21C48EB21EB361E700936EC5 /* Products */,
				7BD4484D187B1F2B279171EE /* Pods */,
				71F24C0E4115874B83BB607E /* Frameworks */,
			);
			sourceTree = "<group>";
		};
		21C48EB21EB361E700936EC5 /* Products */ = {
			isa = PBXGroup;
			children = (
				21C48EB11EB361E700936EC5 /* foreignbuddy.app */,
				21C48EC71EB361E800936EC5 /* foreignbuddyTests.xctest */,
				21C48ED21EB361E800936EC5 /* foreignbuddyUITests.xctest */,
			);
			name = Products;
			sourceTree = "<group>";
		};
		21C48EB31EB361E700936EC5 /* foreignbuddy */ = {
			isa = PBXGroup;
			children = (
				21C48EB41EB361E700936EC5 /* AppDelegate.swift */,
				21C48EB61EB361E700936EC5 /* FirstViewController.swift */,
				21C48EB81EB361E700936EC5 /* SecondViewController.swift */,
				21C48EBA1EB361E700936EC5 /* Main.storyboard */,
				21C48EBD1EB361E700936EC5 /* Assets.xcassets */,
				21C48EBF1EB361E700936EC5 /* LaunchScreen.storyboard */,
				21C48EC21EB361E700936EC5 /* Info.plist */,
				21C48EE41EB3685100936EC5 /* GoogleService-Info.plist */,
			);
			path = foreignbuddy;
			sourceTree = "<group>";
		};
		21C48ECA1EB361E800936EC5 /* foreignbuddyTests */ = {
			isa = PBXGroup;
			children = (
				21C48ECB1EB361E800936EC5 /* foreignbuddyTests.swift */,
				21C48ECD1EB361E800936EC5 /* Info.plist */,
			);
			path = foreignbuddyTests;
			sourceTree = "<group>";
		};
		21C48ED51EB361E800936EC5 /* foreignbuddyUITests */ = {
			isa = PBXGroup;
			children = (
				21C48ED61EB361E800936EC5 /* foreignbuddyUITests.swift */,
				21C48ED81EB361E800936EC5 /* Info.plist */,
			);
			path = foreignbuddyUITests;
			sourceTree = "<group>";
		};
		71F24C0E4115874B83BB607E /* Frameworks */ = {
			isa = PBXGroup;
			children = (
				DB2E4CD08B42D3C275470C02 /* Pods_foreignbuddy.framework */,
				B181F4191049768A0F437249 /* Pods_foreignbuddyTests.framework */,
				2ACC88154D5ED5833E5CEAB8 /* Pods_foreignbuddyUITests.framework */,
			);
			name = Frameworks;
			sourceTree = "<group>";
		};
		7BD4484D187B1F2B279171EE /* Pods */ = {
			isa = PBXGroup;
			children = (
				258FC22EFD9388CBC13F8FCB /* Pods-foreignbuddy.debug.xcconfig */,
				3CBBA2FF4884B6AF16FE6E19 /* Pods-foreignbuddy.release.xcconfig */,
				120F78FD91FB871378BFA8A5 /* Pods-foreignbuddyTests.debug.xcconfig */,
				81D7346F0992B7969E6D7D94 /* Pods-foreignbuddyTests.release.xcconfig */,
				579EA72466D8C457927BD48D /* Pods-foreignbuddyUITests.debug.xcconfig */,
				FD8805F1D9452B3CCCD212DA /* Pods-foreignbuddyUITests.release.xcconfig */,
			);
			name = Pods;
			sourceTree = "<group>";
		};
/* End PBXGroup section */

/* Begin PBXNativeTarget section */
		21C48EB01EB361E700936EC5 /* foreignbuddy */ = {
			isa = PBXNativeTarget;
			buildConfigurationList = 21C48EDB1EB361E800936EC5 /* Build configuration list for PBXNativeTarget "foreignbuddy" */;
			buildPhases = (
				790F784F5D1A6174CCA4C5C7 /* [CP] Check Pods Manifest.lock */,
				21C48EAD1EB361E700936EC5 /* Sources */,
				21C48EAE1EB361E700936EC5 /* Frameworks */,
				21C48EAF1EB361E700936EC5 /* Resources */,
				5A6E47C5ACDBC9CD8ADD7572 /* [CP] Embed Pods Frameworks */,
				459A8ED14C1FBC792B8F982E /* [CP] Copy Pods Resources */,
			);
			buildRules = (
			);
			dependencies = (
			);
			name = foreignbuddy;
			productName = foreignbuddy;
			productReference = 21C48EB11EB361E700936EC5 /* foreignbuddy.app */;
			productType = "com.apple.product-type.application";
		};
		21C48EC61EB361E800936EC5 /* foreignbuddyTests */ = {
			isa = PBXNativeTarget;
			buildConfigurationList = 21C48EDE1EB361E800936EC5 /* Build configuration list for PBXNativeTarget "foreignbuddyTests" */;
			buildPhases = (
				A294D98879324E437E0A9979 /* [CP] Check Pods Manifest.lock */,
				21C48EC31EB361E800936EC5 /* Sources */,
				21C48EC41EB361E800936EC5 /* Frameworks */,
				21C48EC51EB361E800936EC5 /* Resources */,
				E5C17249D9F9C2648B0821B5 /* [CP] Embed Pods Frameworks */,
				02C4064D48A213418B9D84A4 /* [CP] Copy Pods Resources */,
			);
			buildRules = (
			);
			dependencies = (
				21C48EC91EB361E800936EC5 /* PBXTargetDependency */,
			);
			name = foreignbuddyTests;
			productName = foreignbuddyTests;
			productReference = 21C48EC71EB361E800936EC5 /* foreignbuddyTests.xctest */;
			productType = "com.apple.product-type.bundle.unit-test";
		};
		21C48ED11EB361E800936EC5 /* foreignbuddyUITests */ = {
			isa = PBXNativeTarget;
			buildConfigurationList = 21C48EE11EB361E800936EC5 /* Build configuration list for PBXNativeTarget "foreignbuddyUITests" */;
			buildPhases = (
				74413FF2F21692D202EAEABD /* [CP] Check Pods Manifest.lock */,
				21C48ECE1EB361E800936EC5 /* Sources */,
				21C48ECF1EB361E800936EC5 /* Frameworks */,
				21C48ED01EB361E800936EC5 /* Resources */,
				0C29E961073E1FA9024389A9 /* [CP] Embed Pods Frameworks */,
				90A77C2A2A89EB3395C88D4A /* [CP] Copy Pods Resources */,
			);
			buildRules = (
			);
			dependencies = (
				21C48ED41EB361E800936EC5 /* PBXTargetDependency */,
			);
			name = foreignbuddyUITests;
			productName = foreignbuddyUITests;
			productReference = 21C48ED21EB361E800936EC5 /* foreignbuddyUITests.xctest */;
			productType = "com.apple.product-type.bundle.ui-testing";
		};
/* End PBXNativeTarget section */

/* Begin PBXProject section */
		21C48EA91EB361E700936EC5 /* Project object */ = {
			isa = PBXProject;
			attributes = {
				LastSwiftUpdateCheck = 0830;
				LastUpgradeCheck = 0830;
				ORGANIZATIONNAME = "Hochschule der Medien";
				TargetAttributes = {
					21C48EB01EB361E700936EC5 = {
						CreatedOnToolsVersion = 8.3.2;
						DevelopmentTeam = 6LWG4DX8B8;
						ProvisioningStyle = Automatic;
					};
					21C48EC61EB361E800936EC5 = {
						CreatedOnToolsVersion = 8.3.2;
						DevelopmentTeam = 6LWG4DX8B8;
						ProvisioningStyle = Automatic;
						TestTargetID = 21C48EB01EB361E700936EC5;
					};
					21C48ED11EB361E800936EC5 = {
						CreatedOnToolsVersion = 8.3.2;
						DevelopmentTeam = 6LWG4DX8B8;
						ProvisioningStyle = Automatic;
						TestTargetID = 21C48EB01EB361E700936EC5;
					};
				};
			};
			buildConfigurationList = 21C48EAC1EB361E700936EC5 /* Build configuration list for PBXProject "foreignbuddy" */;
			compatibilityVersion = "Xcode 3.2";
			developmentRegion = English;
			hasScannedForEncodings = 0;
			knownRegions = (
				en,
				Base,
			);
			mainGroup = 21C48EA81EB361E700936EC5;
			productRefGroup = 21C48EB21EB361E700936EC5 /* Products */;
			projectDirPath = "";
			projectRoot = "";
			targets = (
				21C48EB01EB361E700936EC5 /* foreignbuddy */,
				21C48EC61EB361E800936EC5 /* foreignbuddyTests */,
				21C48ED11EB361E800936EC5 /* foreignbuddyUITests */,
			);
		};
/* End PBXProject section */

/* Begin PBXResourcesBuildPhase section */
		21C48EAF1EB361E700936EC5 /* Resources */ = {
			isa = PBXResourcesBuildPhase;
			buildActionMask = 2147483647;
			files = (
				21C48EC11EB361E700936EC5 /* LaunchScreen.storyboard in Resources */,
				21C48EE51EB3685100936EC5 /* GoogleService-Info.plist in Resources */,
				21C48EBE1EB361E700936EC5 /* Assets.xcassets in Resources */,
				21C48EBC1EB361E700936EC5 /* Main.storyboard in Resources */,
			);
			runOnlyForDeploymentPostprocessing = 0;
		};
		21C48EC51EB361E800936EC5 /* Resources */ = {
			isa = PBXResourcesBuildPhase;
			buildActionMask = 2147483647;
			files = (
				21C48EE61EB3685100936EC5 /* GoogleService-Info.plist in Resources */,
			);
			runOnlyForDeploymentPostprocessing = 0;
		};
		21C48ED01EB361E800936EC5 /* Resources */ = {
			isa = PBXResourcesBuildPhase;
			buildActionMask = 2147483647;
			files = (
				21C48EE71EB3685100936EC5 /* GoogleService-Info.plist in Resources */,
			);
			runOnlyForDeploymentPostprocessing = 0;
		};
/* End PBXResourcesBuildPhase section */

/* Begin PBXShellScriptBuildPhase section */
		02C4064D48A213418B9D84A4 /* [CP] Copy Pods Resources */ = {
			isa = PBXShellScriptBuildPhase;
			buildActionMask = 2147483647;
			files = (
			);
			inputPaths = (
			);
			name = "[CP] Copy Pods Resources";
			outputPaths = (
			);
			runOnlyForDeploymentPostprocessing = 0;
			shellPath = /bin/sh;
			shellScript = "\"${SRCROOT}/Pods/Target Support Files/Pods-foreignbuddyTests/Pods-foreignbuddyTests-resources.sh\"\n";
			showEnvVarsInLog = 0;
		};
		0C29E961073E1FA9024389A9 /* [CP] Embed Pods Frameworks */ = {
			isa = PBXShellScriptBuildPhase;
			buildActionMask = 2147483647;
			files = (
			);
			inputPaths = (
			);
			name = "[CP] Embed Pods Frameworks";
			outputPaths = (
			);
			runOnlyForDeploymentPostprocessing = 0;
			shellPath = /bin/sh;
			shellScript = "\"${SRCROOT}/Pods/Target Support Files/Pods-foreignbuddyUITests/Pods-foreignbuddyUITests-frameworks.sh\"\n";
			showEnvVarsInLog = 0;
		};
		459A8ED14C1FBC792B8F982E /* [CP] Copy Pods Resources */ = {
			isa = PBXShellScriptBuildPhase;
			buildActionMask = 2147483647;
			files = (
			);
			inputPaths = (
			);
			name = "[CP] Copy Pods Resources";
			outputPaths = (
			);
			runOnlyForDeploymentPostprocessing = 0;
			shellPath = /bin/sh;
			shellScript = "\"${SRCROOT}/Pods/Target Support Files/Pods-foreignbuddy/Pods-foreignbuddy-resources.sh\"\n";
			showEnvVarsInLog = 0;
		};
		5A6E47C5ACDBC9CD8ADD7572 /* [CP] Embed Pods Frameworks */ = {
			isa = PBXShellScriptBuildPhase;
			buildActionMask = 2147483647;
			files = (
			);
			inputPaths = (
			);
			name = "[CP] Embed Pods Frameworks";
			outputPaths = (
			);
			runOnlyForDeploymentPostprocessing = 0;
			shellPath = /bin/sh;
			shellScript = "\"${SRCROOT}/Pods/Target Support Files/Pods-foreignbuddy/Pods-foreignbuddy-frameworks.sh\"\n";
			showEnvVarsInLog = 0;
		};
		74413FF2F21692D202EAEABD /* [CP] Check Pods Manifest.lock */ = {
			isa = PBXShellScriptBuildPhase;
			buildActionMask = 2147483647;
			files = (
			);
			inputPaths = (
			);
			name = "[CP] Check Pods Manifest.lock";
			outputPaths = (
			);
			runOnlyForDeploymentPostprocessing = 0;
			shellPath = /bin/sh;
			shellScript = "diff \"${PODS_PODFILE_DIR_PATH}/Podfile.lock\" \"${PODS_ROOT}/Manifest.lock\" > /dev/null\nif [ $? != 0 ] ; then\n    # print error to STDERR\n    echo \"error: The sandbox is not in sync with the Podfile.lock. Run 'pod install' or update your CocoaPods installation.\" >&2\n    exit 1\nfi\n";
			showEnvVarsInLog = 0;
		};
		790F784F5D1A6174CCA4C5C7 /* [CP] Check Pods Manifest.lock */ = {
			isa = PBXShellScriptBuildPhase;
			buildActionMask = 2147483647;
			files = (
			);
			inputPaths = (
			);
			name = "[CP] Check Pods Manifest.lock";
			outputPaths = (
			);
			runOnlyForDeploymentPostprocessing = 0;
			shellPath = /bin/sh;
			shellScript = "diff \"${PODS_PODFILE_DIR_PATH}/Podfile.lock\" \"${PODS_ROOT}/Manifest.lock\" > /dev/null\nif [ $? != 0 ] ; then\n    # print error to STDERR\n    echo \"error: The sandbox is not in sync with the Podfile.lock. Run 'pod install' or update your CocoaPods installation.\" >&2\n    exit 1\nfi\n";
			showEnvVarsInLog = 0;
		};
		90A77C2A2A89EB3395C88D4A /* [CP] Copy Pods Resources */ = {
			isa = PBXShellScriptBuildPhase;
			buildActionMask = 2147483647;
			files = (
			);
			inputPaths = (
			);
			name = "[CP] Copy Pods Resources";
			outputPaths = (
			);
			runOnlyForDeploymentPostprocessing = 0;
			shellPath = /bin/sh;
			shellScript = "\"${SRCROOT}/Pods/Target Support Files/Pods-foreignbuddyUITests/Pods-foreignbuddyUITests-resources.sh\"\n";
			showEnvVarsInLog = 0;
		};
		A294D98879324E437E0A9979 /* [CP] Check Pods Manifest.lock */ = {
			isa = PBXShellScriptBuildPhase;
			buildActionMask = 2147483647;
			files = (
			);
			inputPaths = (
			);
			name = "[CP] Check Pods Manifest.lock";
			outputPaths = (
			);
			runOnlyForDeploymentPostprocessing = 0;
			shellPath = /bin/sh;
			shellScript = "diff \"${PODS_PODFILE_DIR_PATH}/Podfile.lock\" \"${PODS_ROOT}/Manifest.lock\" > /dev/null\nif [ $? != 0 ] ; then\n    # print error to STDERR\n    echo \"error: The sandbox is not in sync with the Podfile.lock. Run 'pod install' or update your CocoaPods installation.\" >&2\n    exit 1\nfi\n";
			showEnvVarsInLog = 0;
		};
		E5C17249D9F9C2648B0821B5 /* [CP] Embed Pods Frameworks */ = {
			isa = PBXShellScriptBuildPhase;
			buildActionMask = 2147483647;
			files = (
			);
			inputPaths = (
			);
			name = "[CP] Embed Pods Frameworks";
			outputPaths = (
			);
			runOnlyForDeploymentPostprocessing = 0;
			shellPath = /bin/sh;
			shellScript = "\"${SRCROOT}/Pods/Target Support Files/Pods-foreignbuddyTests/Pods-foreignbuddyTests-frameworks.sh\"\n";
			showEnvVarsInLog = 0;
		};
/* End PBXShellScriptBuildPhase section */

/* Begin PBXSourcesBuildPhase section */
		21C48EAD1EB361E700936EC5 /* Sources */ = {
			isa = PBXSourcesBuildPhase;
			buildActionMask = 2147483647;
			files = (
				21C48EB91EB361E700936EC5 /* SecondViewController.swift in Sources */,
				21C48EB51EB361E700936EC5 /* AppDelegate.swift in Sources */,
				21C48EB71EB361E700936EC5 /* FirstViewController.swift in Sources */,
			);
			runOnlyForDeploymentPostprocessing = 0;
		};
		21C48EC31EB361E800936EC5 /* Sources */ = {
			isa = PBXSourcesBuildPhase;
			buildActionMask = 2147483647;
			files = (
				21C48ECC1EB361E800936EC5 /* foreignbuddyTests.swift in Sources */,
			);
			runOnlyForDeploymentPostprocessing = 0;
		};
		21C48ECE1EB361E800936EC5 /* Sources */ = {
			isa = PBXSourcesBuildPhase;
			buildActionMask = 2147483647;
			files = (
				21C48ED71EB361E800936EC5 /* foreignbuddyUITests.swift in Sources */,
			);
			runOnlyForDeploymentPostprocessing = 0;
		};
/* End PBXSourcesBuildPhase section */

/* Begin PBXTargetDependency section */
		21C48EC91EB361E800936EC5 /* PBXTargetDependency */ = {
			isa = PBXTargetDependency;
			target = 21C48EB01EB361E700936EC5 /* foreignbuddy */;
			targetProxy = 21C48EC81EB361E800936EC5 /* PBXContainerItemProxy */;
		};
		21C48ED41EB361E800936EC5 /* PBXTargetDependency */ = {
			isa = PBXTargetDependency;
			target = 21C48EB01EB361E700936EC5 /* foreignbuddy */;
			targetProxy = 21C48ED31EB361E800936EC5 /* PBXContainerItemProxy */;
		};
/* End PBXTargetDependency section */

/* Begin PBXVariantGroup section */
		21C48EBA1EB361E700936EC5 /* Main.storyboard */ = {
			isa = PBXVariantGroup;
			children = (
				21C48EBB1EB361E700936EC5 /* Base */,
			);
			name = Main.storyboard;
			sourceTree = "<group>";
		};
		21C48EBF1EB361E700936EC5 /* LaunchScreen.storyboard */ = {
			isa = PBXVariantGroup;
			children = (
				21C48EC01EB361E700936EC5 /* Base */,
			);
			name = LaunchScreen.storyboard;
			sourceTree = "<group>";
		};
/* End PBXVariantGroup section */

/* Begin XCBuildConfiguration section */
		21C48ED91EB361E800936EC5 /* Debug */ = {
			isa = XCBuildConfiguration;
			buildSettings = {
				ALWAYS_SEARCH_USER_PATHS = NO;
				CLANG_ANALYZER_NONNULL = YES;
				CLANG_ANALYZER_NUMBER_OBJECT_CONVERSION = YES_AGGRESSIVE;
				CLANG_CXX_LANGUAGE_STANDARD = "gnu++0x";
				CLANG_CXX_LIBRARY = "libc++";
				CLANG_ENABLE_MODULES = YES;
				CLANG_ENABLE_OBJC_ARC = YES;
				CLANG_WARN_BOOL_CONVERSION = YES;
				CLANG_WARN_CONSTANT_CONVERSION = YES;
				CLANG_WARN_DIRECT_OBJC_ISA_USAGE = YES_ERROR;
				CLANG_WARN_DOCUMENTATION_COMMENTS = YES;
				CLANG_WARN_EMPTY_BODY = YES;
				CLANG_WARN_ENUM_CONVERSION = YES;
				CLANG_WARN_INFINITE_RECURSION = YES;
				CLANG_WARN_INT_CONVERSION = YES;
				CLANG_WARN_OBJC_ROOT_CLASS = YES_ERROR;
				CLANG_WARN_SUSPICIOUS_MOVE = YES;
				CLANG_WARN_UNREACHABLE_CODE = YES;
				CLANG_WARN__DUPLICATE_METHOD_MATCH = YES;
				"CODE_SIGN_IDENTITY[sdk=iphoneos*]" = "iPhone Developer";
				COPY_PHASE_STRIP = NO;
				DEBUG_INFORMATION_FORMAT = dwarf;
				ENABLE_STRICT_OBJC_MSGSEND = YES;
				ENABLE_TESTABILITY = YES;
				GCC_C_LANGUAGE_STANDARD = gnu99;
				GCC_DYNAMIC_NO_PIC = NO;
				GCC_NO_COMMON_BLOCKS = YES;
				GCC_OPTIMIZATION_LEVEL = 0;
				GCC_PREPROCESSOR_DEFINITIONS = (
					"DEBUG=1",
					"$(inherited)",
				);
				GCC_WARN_64_TO_32_BIT_CONVERSION = YES;
				GCC_WARN_ABOUT_RETURN_TYPE = YES_ERROR;
				GCC_WARN_UNDECLARED_SELECTOR = YES;
				GCC_WARN_UNINITIALIZED_AUTOS = YES_AGGRESSIVE;
				GCC_WARN_UNUSED_FUNCTION = YES;
				GCC_WARN_UNUSED_VARIABLE = YES;
				IPHONEOS_DEPLOYMENT_TARGET = 10.3;
				MTL_ENABLE_DEBUG_INFO = YES;
				ONLY_ACTIVE_ARCH = YES;
				SDKROOT = iphoneos;
				SWIFT_ACTIVE_COMPILATION_CONDITIONS = DEBUG;
				SWIFT_OPTIMIZATION_LEVEL = "-Onone";
			};
			name = Debug;
		};
		21C48EDA1EB361E800936EC5 /* Release */ = {
			isa = XCBuildConfiguration;
			buildSettings = {
				ALWAYS_SEARCH_USER_PATHS = NO;
				CLANG_ANALYZER_NONNULL = YES;
				CLANG_ANALYZER_NUMBER_OBJECT_CONVERSION = YES_AGGRESSIVE;
				CLANG_CXX_LANGUAGE_STANDARD = "gnu++0x";
				CLANG_CXX_LIBRARY = "libc++";
				CLANG_ENABLE_MODULES = YES;
				CLANG_ENABLE_OBJC_ARC = YES;
				CLANG_WARN_BOOL_CONVERSION = YES;
				CLANG_WARN_CONSTANT_CONVERSION = YES;
				CLANG_WARN_DIRECT_OBJC_ISA_USAGE = YES_ERROR;
				CLANG_WARN_DOCUMENTATION_COMMENTS = YES;
				CLANG_WARN_EMPTY_BODY = YES;
				CLANG_WARN_ENUM_CONVERSION = YES;
				CLANG_WARN_INFINITE_RECURSION = YES;
				CLANG_WARN_INT_CONVERSION = YES;
				CLANG_WARN_OBJC_ROOT_CLASS = YES_ERROR;
				CLANG_WARN_SUSPICIOUS_MOVE = YES;
				CLANG_WARN_UNREACHABLE_CODE = YES;
				CLANG_WARN__DUPLICATE_METHOD_MATCH = YES;
				"CODE_SIGN_IDENTITY[sdk=iphoneos*]" = "iPhone Developer";
				COPY_PHASE_STRIP = NO;
				DEBUG_INFORMATION_FORMAT = "dwarf-with-dsym";
				ENABLE_NS_ASSERTIONS = NO;
				ENABLE_STRICT_OBJC_MSGSEND = YES;
				GCC_C_LANGUAGE_STANDARD = gnu99;
				GCC_NO_COMMON_BLOCKS = YES;
				GCC_WARN_64_TO_32_BIT_CONVERSION = YES;
				GCC_WARN_ABOUT_RETURN_TYPE = YES_ERROR;
				GCC_WARN_UNDECLARED_SELECTOR = YES;
				GCC_WARN_UNINITIALIZED_AUTOS = YES_AGGRESSIVE;
				GCC_WARN_UNUSED_FUNCTION = YES;
				GCC_WARN_UNUSED_VARIABLE = YES;
				IPHONEOS_DEPLOYMENT_TARGET = 10.3;
				MTL_ENABLE_DEBUG_INFO = NO;
				SDKROOT = iphoneos;
				SWIFT_OPTIMIZATION_LEVEL = "-Owholemodule";
				VALIDATE_PRODUCT = YES;
			};
			name = Release;
		};
		21C48EDC1EB361E800936EC5 /* Debug */ = {
			isa = XCBuildConfiguration;
			baseConfigurationReference = 258FC22EFD9388CBC13F8FCB /* Pods-foreignbuddy.debug.xcconfig */;
			buildSettings = {
				ASSETCATALOG_COMPILER_APPICON_NAME = AppIcon;
				DEVELOPMENT_TEAM = 6LWG4DX8B8;
				INFOPLIST_FILE = foreignbuddy/Info.plist;
				LD_RUNPATH_SEARCH_PATHS = "$(inherited) @executable_path/Frameworks";
				PRODUCT_BUNDLE_IDENTIFIER = "de.hdm-stuttgart.foreignbuddy";
				PRODUCT_NAME = "$(TARGET_NAME)";
				SWIFT_VERSION = 3.0;
			};
			name = Debug;
		};
		21C48EDD1EB361E800936EC5 /* Release */ = {
			isa = XCBuildConfiguration;
			baseConfigurationReference = 3CBBA2FF4884B6AF16FE6E19 /* Pods-foreignbuddy.release.xcconfig */;
			buildSettings = {
				ASSETCATALOG_COMPILER_APPICON_NAME = AppIcon;
				DEVELOPMENT_TEAM = 6LWG4DX8B8;
				INFOPLIST_FILE = foreignbuddy/Info.plist;
				LD_RUNPATH_SEARCH_PATHS = "$(inherited) @executable_path/Frameworks";
				PRODUCT_BUNDLE_IDENTIFIER = "de.hdm-stuttgart.foreignbuddy";
				PRODUCT_NAME = "$(TARGET_NAME)";
				SWIFT_VERSION = 3.0;
			};
			name = Release;
		};
		21C48EDF1EB361E800936EC5 /* Debug */ = {
			isa = XCBuildConfiguration;
			baseConfigurationReference = 120F78FD91FB871378BFA8A5 /* Pods-foreignbuddyTests.debug.xcconfig */;
			buildSettings = {
				ALWAYS_EMBED_SWIFT_STANDARD_LIBRARIES = YES;
				BUNDLE_LOADER = "$(TEST_HOST)";
				DEVELOPMENT_TEAM = 6LWG4DX8B8;
				INFOPLIST_FILE = foreignbuddyTests/Info.plist;
				LD_RUNPATH_SEARCH_PATHS = "$(inherited) @executable_path/Frameworks @loader_path/Frameworks";
				PRODUCT_BUNDLE_IDENTIFIER = "de.hdm-stuttgart.foreignbuddyTests";
				PRODUCT_NAME = "$(TARGET_NAME)";
				SWIFT_VERSION = 3.0;
				TEST_HOST = "$(BUILT_PRODUCTS_DIR)/foreignbuddy.app/foreignbuddy";
			};
			name = Debug;
		};
		21C48EE01EB361E800936EC5 /* Release */ = {
			isa = XCBuildConfiguration;
			baseConfigurationReference = 81D7346F0992B7969E6D7D94 /* Pods-foreignbuddyTests.release.xcconfig */;
			buildSettings = {
				ALWAYS_EMBED_SWIFT_STANDARD_LIBRARIES = YES;
				BUNDLE_LOADER = "$(TEST_HOST)";
				DEVELOPMENT_TEAM = 6LWG4DX8B8;
				INFOPLIST_FILE = foreignbuddyTests/Info.plist;
				LD_RUNPATH_SEARCH_PATHS = "$(inherited) @executable_path/Frameworks @loader_path/Frameworks";
				PRODUCT_BUNDLE_IDENTIFIER = "de.hdm-stuttgart.foreignbuddyTests";
				PRODUCT_NAME = "$(TARGET_NAME)";
				SWIFT_VERSION = 3.0;
				TEST_HOST = "$(BUILT_PRODUCTS_DIR)/foreignbuddy.app/foreignbuddy";
			};
			name = Release;
		};
		21C48EE21EB361E800936EC5 /* Debug */ = {
			isa = XCBuildConfiguration;
			baseConfigurationReference = 579EA72466D8C457927BD48D /* Pods-foreignbuddyUITests.debug.xcconfig */;
			buildSettings = {
				ALWAYS_EMBED_SWIFT_STANDARD_LIBRARIES = YES;
				DEVELOPMENT_TEAM = 6LWG4DX8B8;
				INFOPLIST_FILE = foreignbuddyUITests/Info.plist;
				LD_RUNPATH_SEARCH_PATHS = "$(inherited) @executable_path/Frameworks @loader_path/Frameworks";
				PRODUCT_BUNDLE_IDENTIFIER = "de.hdm-stuttgart.foreignbuddyUITests";
				PRODUCT_NAME = "$(TARGET_NAME)";
				SWIFT_VERSION = 3.0;
				TEST_TARGET_NAME = foreignbuddy;
			};
			name = Debug;
		};
		21C48EE31EB361E800936EC5 /* Release */ = {
			isa = XCBuildConfiguration;
			baseConfigurationReference = FD8805F1D9452B3CCCD212DA /* Pods-foreignbuddyUITests.release.xcconfig */;
			buildSettings = {
				ALWAYS_EMBED_SWIFT_STANDARD_LIBRARIES = YES;
				DEVELOPMENT_TEAM = 6LWG4DX8B8;
				INFOPLIST_FILE = foreignbuddyUITests/Info.plist;
				LD_RUNPATH_SEARCH_PATHS = "$(inherited) @executable_path/Frameworks @loader_path/Frameworks";
				PRODUCT_BUNDLE_IDENTIFIER = "de.hdm-stuttgart.foreignbuddyUITests";
				PRODUCT_NAME = "$(TARGET_NAME)";
				SWIFT_VERSION = 3.0;
				TEST_TARGET_NAME = foreignbuddy;
			};
			name = Release;
		};
/* End XCBuildConfiguration section */

/* Begin XCConfigurationList section */
		21C48EAC1EB361E700936EC5 /* Build configuration list for PBXProject "foreignbuddy" */ = {
			isa = XCConfigurationList;
			buildConfigurations = (
				21C48ED91EB361E800936EC5 /* Debug */,
				21C48EDA1EB361E800936EC5 /* Release */,
			);
			defaultConfigurationIsVisible = 0;
			defaultConfigurationName = Release;
		};
		21C48EDB1EB361E800936EC5 /* Build configuration list for PBXNativeTarget "foreignbuddy" */ = {
			isa = XCConfigurationList;
			buildConfigurations = (
				21C48EDC1EB361E800936EC5 /* Debug */,
				21C48EDD1EB361E800936EC5 /* Release */,
			);
			defaultConfigurationIsVisible = 0;
		};
		21C48EDE1EB361E800936EC5 /* Build configuration list for PBXNativeTarget "foreignbuddyTests" */ = {
			isa = XCConfigurationList;
			buildConfigurations = (
				21C48EDF1EB361E800936EC5 /* Debug */,
				21C48EE01EB361E800936EC5 /* Release */,
			);
			defaultConfigurationIsVisible = 0;
		};
		21C48EE11EB361E800936EC5 /* Build configuration list for PBXNativeTarget "foreignbuddyUITests" */ = {
			isa = XCConfigurationList;
			buildConfigurations = (
				21C48EE21EB361E800936EC5 /* Debug */,
				21C48EE31EB361E800936EC5 /* Release */,
			);
			defaultConfigurationIsVisible = 0;
		};
/* End XCConfigurationList section */
	};
	rootObject = 21C48EA91EB361E700936EC5 /* Project object */;
}
