// !$*UTF8*$!
{
	archiveVersion = 1;
	classes = {
	};
	objectVersion = 46;
	objects = {

/* Begin PBXBuildFile section */
		21C48EB51EB361E700936EC5 /* AppDelegate.swift in Sources */ = {isa = PBXBuildFile; fileRef = 21C48EB41EB361E700936EC5 /* AppDelegate.swift */; };
		21C48EB71EB361E700936EC5 /* FirstViewController.swift in Sources */ = {isa = PBXBuildFile; fileRef = 21C48EB61EB361E700936EC5 /* FirstViewController.swift */; };
		21C48EB91EB361E700936EC5 /* SecondViewController.swift in Sources */ = {isa = PBXBuildFile; fileRef = 21C48EB81EB361E700936EC5 /* SecondViewController.swift */; };
		21C48EBC1EB361E700936EC5 /* Main.storyboard in Resources */ = {isa = PBXBuildFile; fileRef = 21C48EBA1EB361E700936EC5 /* Main.storyboard */; };
		21C48EBE1EB361E700936EC5 /* Assets.xcassets in Resources */ = {isa = PBXBuildFile; fileRef = 21C48EBD1EB361E700936EC5 /* Assets.xcassets */; };
		21C48EC11EB361E700936EC5 /* LaunchScreen.storyboard in Resources */ = {isa = PBXBuildFile; fileRef = 21C48EBF1EB361E700936EC5 /* LaunchScreen.storyboard */; };
		21C48ECC1EB361E800936EC5 /* foreignbuddyTests.swift in Sources */ = {isa = PBXBuildFile; fileRef = 21C48ECB1EB361E800936EC5 /* foreignbuddyTests.swift */; };
		21C48ED71EB361E800936EC5 /* foreignbuddyUITests.swift in Sources */ = {isa = PBXBuildFile; fileRef = 21C48ED61EB361E800936EC5 /* foreignbuddyUITests.swift */; };
/* End PBXBuildFile section */

/* Begin PBXContainerItemProxy section */
		21C48EC81EB361E800936EC5 /* PBXContainerItemProxy */ = {
			isa = PBXContainerItemProxy;
			containerPortal = 21C48EA91EB361E700936EC5 /* Project object */;
			proxyType = 1;
			remoteGlobalIDString = 21C48EB01EB361E700936EC5;
			remoteInfo = foreignbuddy;
		};
		21C48ED31EB361E800936EC5 /* PBXContainerItemProxy */ = {
			isa = PBXContainerItemProxy;
			containerPortal = 21C48EA91EB361E700936EC5 /* Project object */;
			proxyType = 1;
			remoteGlobalIDString = 21C48EB01EB361E700936EC5;
			remoteInfo = foreignbuddy;
		};
/* End PBXContainerItemProxy section */

/* Begin PBXFileReference section */
		21C48EB11EB361E700936EC5 /* foreignbuddy.app */ = {isa = PBXFileReference; explicitFileType = wrapper.application; includeInIndex = 0; path = foreignbuddy.app; sourceTree = BUILT_PRODUCTS_DIR; };
		21C48EB41EB361E700936EC5 /* AppDelegate.swift */ = {isa = PBXFileReference; lastKnownFileType = sourcecode.swift; path = AppDelegate.swift; sourceTree = "<group>"; };
		21C48EB61EB361E700936EC5 /* FirstViewController.swift */ = {isa = PBXFileReference; lastKnownFileType = sourcecode.swift; path = FirstViewController.swift; sourceTree = "<group>"; };
		21C48EB81EB361E700936EC5 /* SecondViewController.swift */ = {isa = PBXFileReference; lastKnownFileType = sourcecode.swift; path = SecondViewController.swift; sourceTree = "<group>"; };
		21C48EBB1EB361E700936EC5 /* Base */ = {isa = PBXFileReference; lastKnownFileType = file.storyboard; name = Base; path = Base.lproj/Main.storyboard; sourceTree = "<group>"; };
		21C48EBD1EB361E700936EC5 /* Assets.xcassets */ = {isa = PBXFileReference; lastKnownFileType = folder.assetcatalog; path = Assets.xcassets; sourceTree = "<group>"; };
		21C48EC01EB361E700936EC5 /* Base */ = {isa = PBXFileReference; lastKnownFileType = file.storyboard; name = Base; path = Base.lproj/LaunchScreen.storyboard; sourceTree = "<group>"; };
		21C48EC21EB361E700936EC5 /* Info.plist */ = {isa = PBXFileReference; lastKnownFileType = text.plist.xml; path = Info.plist; sourceTree = "<group>"; };
		21C48EC71EB361E800936EC5 /* foreignbuddyTests.xctest */ = {isa = PBXFileReference; explicitFileType = wrapper.cfbundle; includeInIndex = 0; path = foreignbuddyTests.xctest; sourceTree = BUILT_PRODUCTS_DIR; };
		21C48ECB1EB361E800936EC5 /* foreignbuddyTests.swift */ = {isa = PBXFileReference; lastKnownFileType = sourcecode.swift; path = foreignbuddyTests.swift; sourceTree = "<group>"; };
		21C48ECD1EB361E800936EC5 /* Info.plist */ = {isa = PBXFileReference; lastKnownFileType = text.plist.xml; path = Info.plist; sourceTree = "<group>"; };
		21C48ED21EB361E800936EC5 /* foreignbuddyUITests.xctest */ = {isa = PBXFileReference; explicitFileType = wrapper.cfbundle; includeInIndex = 0; path = foreignbuddyUITests.xctest; sourceTree = BUILT_PRODUCTS_DIR; };
		21C48ED61EB361E800936EC5 /* foreignbuddyUITests.swift */ = {isa = PBXFileReference; lastKnownFileType = sourcecode.swift; path = foreignbuddyUITests.swift; sourceTree = "<group>"; };
		21C48ED81EB361E800936EC5 /* Info.plist */ = {isa = PBXFileReference; lastKnownFileType = text.plist.xml; path = Info.plist; sourceTree = "<group>"; };
/* End PBXFileReference section */

/* Begin PBXFrameworksBuildPhase section */
		21C48EAE1EB361E700936EC5 /* Frameworks */ = {
			isa = PBXFrameworksBuildPhase;
			buildActionMask = 2147483647;
			files = (
			);
			runOnlyForDeploymentPostprocessing = 0;
		};
		21C48EC41EB361E800936EC5 /* Frameworks */ = {
			isa = PBXFrameworksBuildPhase;
			buildActionMask = 2147483647;
			files = (
			);
			runOnlyForDeploymentPostprocessing = 0;
		};
		21C48ECF1EB361E800936EC5 /* Frameworks */ = {
			isa = PBXFrameworksBuildPhase;
			buildActionMask = 2147483647;
			files = (
			);
			runOnlyForDeploymentPostprocessing = 0;
		};
/* End PBXFrameworksBuildPhase section */

/* Begin PBXGroup section */
		21C48EA81EB361E700936EC5 = {
			isa = PBXGroup;
			children = (
				21C48EB31EB361E700936EC5 /* foreignbuddy */,
				21C48ECA1EB361E800936EC5 /* foreignbuddyTests */,
				21C48ED51EB361E800936EC5 /* foreignbuddyUITests */,
				21C48EB21EB361E700936EC5 /* Products */,
			);
			sourceTree = "<group>";
		};
		21C48EB21EB361E700936EC5 /* Products */ = {
			isa = PBXGroup;
			children = (
				21C48EB11EB361E700936EC5 /* foreignbuddy.app */,
				21C48EC71EB361E800936EC5 /* foreignbuddyTests.xctest */,
				21C48ED21EB361E800936EC5 /* foreignbuddyUITests.xctest */,
			);
			name = Products;
			sourceTree = "<group>";
		};
		21C48EB31EB361E700936EC5 /* foreignbuddy */ = {
			isa = PBXGroup;
			children = (
				21C48EB41EB361E700936EC5 /* AppDelegate.swift */,
				21C48EB61EB361E700936EC5 /* FirstViewController.swift */,
				21C48EB81EB361E700936EC5 /* SecondViewController.swift */,
				21C48EBA1EB361E700936EC5 /* Main.storyboard */,
				21C48EBD1EB361E700936EC5 /* Assets.xcassets */,
				21C48EBF1EB361E700936EC5 /* LaunchScreen.storyboard */,
				21C48EC21EB361E700936EC5 /* Info.plist */,
			);
			path = foreignbuddy;
			sourceTree = "<group>";
		};
		21C48ECA1EB361E800936EC5 /* foreignbuddyTests */ = {
			isa = PBXGroup;
			children = (
				21C48ECB1EB361E800936EC5 /* foreignbuddyTests.swift */,
				21C48ECD1EB361E800936EC5 /* Info.plist */,
			);
			path = foreignbuddyTests;
			sourceTree = "<group>";
		};
		21C48ED51EB361E800936EC5 /* foreignbuddyUITests */ = {
			isa = PBXGroup;
			children = (
				21C48ED61EB361E800936EC5 /* foreignbuddyUITests.swift */,
				21C48ED81EB361E800936EC5 /* Info.plist */,
			);
			path = foreignbuddyUITests;
			sourceTree = "<group>";
		};
/* End PBXGroup section */

/* Begin PBXNativeTarget section */
		21C48EB01EB361E700936EC5 /* foreignbuddy */ = {
			isa = PBXNativeTarget;
			buildConfigurationList = 21C48EDB1EB361E800936EC5 /* Build configuration list for PBXNativeTarget "foreignbuddy" */;
			buildPhases = (
				21C48EAD1EB361E700936EC5 /* Sources */,
				21C48EAE1EB361E700936EC5 /* Frameworks */,
				21C48EAF1EB361E700936EC5 /* Resources */,
			);
			buildRules = (
			);
			dependencies = (
			);
			name = foreignbuddy;
			productName = foreignbuddy;
			productReference = 21C48EB11EB361E700936EC5 /* foreignbuddy.app */;
			productType = "com.apple.product-type.application";
		};
		21C48EC61EB361E800936EC5 /* foreignbuddyTests */ = {
			isa = PBXNativeTarget;
			buildConfigurationList = 21C48EDE1EB361E800936EC5 /* Build configuration list for PBXNativeTarget "foreignbuddyTests" */;
			buildPhases = (
				21C48EC31EB361E800936EC5 /* Sources */,
				21C48EC41EB361E800936EC5 /* Frameworks */,
				21C48EC51EB361E800936EC5 /* Resources */,
			);
			buildRules = (
			);
			dependencies = (
				21C48EC91EB361E800936EC5 /* PBXTargetDependency */,
			);
			name = foreignbuddyTests;
			productName = foreignbuddyTests;
			productReference = 21C48EC71EB361E800936EC5 /* foreignbuddyTests.xctest */;
			productType = "com.apple.product-type.bundle.unit-test";
		};
		21C48ED11EB361E800936EC5 /* foreignbuddyUITests */ = {
			isa = PBXNativeTarget;
			buildConfigurationList = 21C48EE11EB361E800936EC5 /* Build configuration list for PBXNativeTarget "foreignbuddyUITests" */;
			buildPhases = (
				21C48ECE1EB361E800936EC5 /* Sources */,
				21C48ECF1EB361E800936EC5 /* Frameworks */,
				21C48ED01EB361E800936EC5 /* Resources */,
			);
			buildRules = (
			);
			dependencies = (
				21C48ED41EB361E800936EC5 /* PBXTargetDependency */,
			);
			name = foreignbuddyUITests;
			productName = foreignbuddyUITests;
			productReference = 21C48ED21EB361E800936EC5 /* foreignbuddyUITests.xctest */;
			productType = "com.apple.product-type.bundle.ui-testing";
		};
/* End PBXNativeTarget section */

/* Begin PBXProject section */
		21C48EA91EB361E700936EC5 /* Project object */ = {
			isa = PBXProject;
			attributes = {
				LastSwiftUpdateCheck = 0830;
				LastUpgradeCheck = 0830;
				ORGANIZATIONNAME = "Hochschule der Medien";
				TargetAttributes = {
					21C48EB01EB361E700936EC5 = {
						CreatedOnToolsVersion = 8.3.2;
						DevelopmentTeam = 6LWG4DX8B8;
						ProvisioningStyle = Automatic;
					};
					21C48EC61EB361E800936EC5 = {
						CreatedOnToolsVersion = 8.3.2;
						DevelopmentTeam = 6LWG4DX8B8;
						ProvisioningStyle = Automatic;
						TestTargetID = 21C48EB01EB361E700936EC5;
					};
					21C48ED11EB361E800936EC5 = {
						CreatedOnToolsVersion = 8.3.2;
						DevelopmentTeam = 6LWG4DX8B8;
						ProvisioningStyle = Automatic;
						TestTargetID = 21C48EB01EB361E700936EC5;
					};
				};
			};
			buildConfigurationList = 21C48EAC1EB361E700936EC5 /* Build configuration list for PBXProject "foreignbuddy" */;
			compatibilityVersion = "Xcode 3.2";
			developmentRegion = English;
			hasScannedForEncodings = 0;
			knownRegions = (
				en,
				Base,
			);
			mainGroup = 21C48EA81EB361E700936EC5;
			productRefGroup = 21C48EB21EB361E700936EC5 /* Products */;
			projectDirPath = "";
			projectRoot = "";
			targets = (
				21C48EB01EB361E700936EC5 /* foreignbuddy */,
				21C48EC61EB361E800936EC5 /* foreignbuddyTests */,
				21C48ED11EB361E800936EC5 /* foreignbuddyUITests */,
			);
		};
/* End PBXProject section */

/* Begin PBXResourcesBuildPhase section */
		21C48EAF1EB361E700936EC5 /* Resources */ = {
			isa = PBXResourcesBuildPhase;
			buildActionMask = 2147483647;
			files = (
				21C48EC11EB361E700936EC5 /* LaunchScreen.storyboard in Resources */,
				21C48EBE1EB361E700936EC5 /* Assets.xcassets in Resources */,
				21C48EBC1EB361E700936EC5 /* Main.storyboard in Resources */,
			);
			runOnlyForDeploymentPostprocessing = 0;
		};
		21C48EC51EB361E800936EC5 /* Resources */ = {
			isa = PBXResourcesBuildPhase;
			buildActionMask = 2147483647;
			files = (
			);
			runOnlyForDeploymentPostprocessing = 0;
		};
		21C48ED01EB361E800936EC5 /* Resources */ = {
			isa = PBXResourcesBuildPhase;
			buildActionMask = 2147483647;
			files = (
			);
			runOnlyForDeploymentPostprocessing = 0;
		};
/* End PBXResourcesBuildPhase section */

/* Begin PBXSourcesBuildPhase section */
		21C48EAD1EB361E700936EC5 /* Sources */ = {
			isa = PBXSourcesBuildPhase;
			buildActionMask = 2147483647;
			files = (
				21C48EB91EB361E700936EC5 /* SecondViewController.swift in Sources */,
				21C48EB51EB361E700936EC5 /* AppDelegate.swift in Sources */,
				21C48EB71EB361E700936EC5 /* FirstViewController.swift in Sources */,
			);
			runOnlyForDeploymentPostprocessing = 0;
		};
		21C48EC31EB361E800936EC5 /* Sources */ = {
			isa = PBXSourcesBuildPhase;
			buildActionMask = 2147483647;
			files = (
				21C48ECC1EB361E800936EC5 /* foreignbuddyTests.swift in Sources */,
			);
			runOnlyForDeploymentPostprocessing = 0;
		};
		21C48ECE1EB361E800936EC5 /* Sources */ = {
			isa = PBXSourcesBuildPhase;
			buildActionMask = 2147483647;
			files = (
				21C48ED71EB361E800936EC5 /* foreignbuddyUITests.swift in Sources */,
			);
			runOnlyForDeploymentPostprocessing = 0;
		};
/* End PBXSourcesBuildPhase section */

/* Begin PBXTargetDependency section */
		21C48EC91EB361E800936EC5 /* PBXTargetDependency */ = {
			isa = PBXTargetDependency;
			target = 21C48EB01EB361E700936EC5 /* foreignbuddy */;
			targetProxy = 21C48EC81EB361E800936EC5 /* PBXContainerItemProxy */;
		};
		21C48ED41EB361E800936EC5 /* PBXTargetDependency */ = {
			isa = PBXTargetDependency;
			target = 21C48EB01EB361E700936EC5 /* foreignbuddy */;
			targetProxy = 21C48ED31EB361E800936EC5 /* PBXContainerItemProxy */;
		};
/* End PBXTargetDependency section */

/* Begin PBXVariantGroup section */
		21C48EBA1EB361E700936EC5 /* Main.storyboard */ = {
			isa = PBXVariantGroup;
			children = (
				21C48EBB1EB361E700936EC5 /* Base */,
			);
			name = Main.storyboard;
			sourceTree = "<group>";
		};
		21C48EBF1EB361E700936EC5 /* LaunchScreen.storyboard */ = {
			isa = PBXVariantGroup;
			children = (
				21C48EC01EB361E700936EC5 /* Base */,
			);
			name = LaunchScreen.storyboard;
			sourceTree = "<group>";
		};
/* End PBXVariantGroup section */

/* Begin XCBuildConfiguration section */
		21C48ED91EB361E800936EC5 /* Debug */ = {
			isa = XCBuildConfiguration;
			buildSettings = {
				ALWAYS_SEARCH_USER_PATHS = NO;
				CLANG_ANALYZER_NONNULL = YES;
				CLANG_ANALYZER_NUMBER_OBJECT_CONVERSION = YES_AGGRESSIVE;
				CLANG_CXX_LANGUAGE_STANDARD = "gnu++0x";
				CLANG_CXX_LIBRARY = "libc++";
				CLANG_ENABLE_MODULES = YES;
				CLANG_ENABLE_OBJC_ARC = YES;
				CLANG_WARN_BOOL_CONVERSION = YES;
				CLANG_WARN_CONSTANT_CONVERSION = YES;
				CLANG_WARN_DIRECT_OBJC_ISA_USAGE = YES_ERROR;
				CLANG_WARN_DOCUMENTATION_COMMENTS = YES;
				CLANG_WARN_EMPTY_BODY = YES;
				CLANG_WARN_ENUM_CONVERSION = YES;
				CLANG_WARN_INFINITE_RECURSION = YES;
				CLANG_WARN_INT_CONVERSION = YES;
				CLANG_WARN_OBJC_ROOT_CLASS = YES_ERROR;
				CLANG_WARN_SUSPICIOUS_MOVE = YES;
				CLANG_WARN_UNREACHABLE_CODE = YES;
				CLANG_WARN__DUPLICATE_METHOD_MATCH = YES;
				"CODE_SIGN_IDENTITY[sdk=iphoneos*]" = "iPhone Developer";
				COPY_PHASE_STRIP = NO;
				DEBUG_INFORMATION_FORMAT = dwarf;
				ENABLE_STRICT_OBJC_MSGSEND = YES;
				ENABLE_TESTABILITY = YES;
				GCC_C_LANGUAGE_STANDARD = gnu99;
				GCC_DYNAMIC_NO_PIC = NO;
				GCC_NO_COMMON_BLOCKS = YES;
				GCC_OPTIMIZATION_LEVEL = 0;
				GCC_PREPROCESSOR_DEFINITIONS = (
					"DEBUG=1",
					"$(inherited)",
				);
				GCC_WARN_64_TO_32_BIT_CONVERSION = YES;
				GCC_WARN_ABOUT_RETURN_TYPE = YES_ERROR;
				GCC_WARN_UNDECLARED_SELECTOR = YES;
				GCC_WARN_UNINITIALIZED_AUTOS = YES_AGGRESSIVE;
				GCC_WARN_UNUSED_FUNCTION = YES;
				GCC_WARN_UNUSED_VARIABLE = YES;
				IPHONEOS_DEPLOYMENT_TARGET = 10.3;
				MTL_ENABLE_DEBUG_INFO = YES;
				ONLY_ACTIVE_ARCH = YES;
				SDKROOT = iphoneos;
				SWIFT_ACTIVE_COMPILATION_CONDITIONS = DEBUG;
				SWIFT_OPTIMIZATION_LEVEL = "-Onone";
			};
			name = Debug;
		};
		21C48EDA1EB361E800936EC5 /* Release */ = {
			isa = XCBuildConfiguration;
			buildSettings = {
				ALWAYS_SEARCH_USER_PATHS = NO;
				CLANG_ANALYZER_NONNULL = YES;
				CLANG_ANALYZER_NUMBER_OBJECT_CONVERSION = YES_AGGRESSIVE;
				CLANG_CXX_LANGUAGE_STANDARD = "gnu++0x";
				CLANG_CXX_LIBRARY = "libc++";
				CLANG_ENABLE_MODULES = YES;
				CLANG_ENABLE_OBJC_ARC = YES;
				CLANG_WARN_BOOL_CONVERSION = YES;
				CLANG_WARN_CONSTANT_CONVERSION = YES;
				CLANG_WARN_DIRECT_OBJC_ISA_USAGE = YES_ERROR;
				CLANG_WARN_DOCUMENTATION_COMMENTS = YES;
				CLANG_WARN_EMPTY_BODY = YES;
				CLANG_WARN_ENUM_CONVERSION = YES;
				CLANG_WARN_INFINITE_RECURSION = YES;
				CLANG_WARN_INT_CONVERSION = YES;
				CLANG_WARN_OBJC_ROOT_CLASS = YES_ERROR;
				CLANG_WARN_SUSPICIOUS_MOVE = YES;
				CLANG_WARN_UNREACHABLE_CODE = YES;
				CLANG_WARN__DUPLICATE_METHOD_MATCH = YES;
				"CODE_SIGN_IDENTITY[sdk=iphoneos*]" = "iPhone Developer";
				COPY_PHASE_STRIP = NO;
				DEBUG_INFORMATION_FORMAT = "dwarf-with-dsym";
				ENABLE_NS_ASSERTIONS = NO;
				ENABLE_STRICT_OBJC_MSGSEND = YES;
				GCC_C_LANGUAGE_STANDARD = gnu99;
				GCC_NO_COMMON_BLOCKS = YES;
				GCC_WARN_64_TO_32_BIT_CONVERSION = YES;
				GCC_WARN_ABOUT_RETURN_TYPE = YES_ERROR;
				GCC_WARN_UNDECLARED_SELECTOR = YES;
				GCC_WARN_UNINITIALIZED_AUTOS = YES_AGGRESSIVE;
				GCC_WARN_UNUSED_FUNCTION = YES;
				GCC_WARN_UNUSED_VARIABLE = YES;
				IPHONEOS_DEPLOYMENT_TARGET = 10.3;
				MTL_ENABLE_DEBUG_INFO = NO;
				SDKROOT = iphoneos;
				SWIFT_OPTIMIZATION_LEVEL = "-Owholemodule";
				VALIDATE_PRODUCT = YES;
			};
			name = Release;
		};
		21C48EDC1EB361E800936EC5 /* Debug */ = {
			isa = XCBuildConfiguration;
			buildSettings = {
				ASSETCATALOG_COMPILER_APPICON_NAME = AppIcon;
				DEVELOPMENT_TEAM = 6LWG4DX8B8;
				INFOPLIST_FILE = foreignbuddy/Info.plist;
				LD_RUNPATH_SEARCH_PATHS = "$(inherited) @executable_path/Frameworks";
				PRODUCT_BUNDLE_IDENTIFIER = "de.hdm-stuttgart.foreignbuddy";
				PRODUCT_NAME = "$(TARGET_NAME)";
				SWIFT_VERSION = 3.0;
			};
			name = Debug;
		};
		21C48EDD1EB361E800936EC5 /* Release */ = {
			isa = XCBuildConfiguration;
			buildSettings = {
				ASSETCATALOG_COMPILER_APPICON_NAME = AppIcon;
				DEVELOPMENT_TEAM = 6LWG4DX8B8;
				INFOPLIST_FILE = foreignbuddy/Info.plist;
				LD_RUNPATH_SEARCH_PATHS = "$(inherited) @executable_path/Frameworks";
				PRODUCT_BUNDLE_IDENTIFIER = "de.hdm-stuttgart.foreignbuddy";
				PRODUCT_NAME = "$(TARGET_NAME)";
				SWIFT_VERSION = 3.0;
			};
			name = Release;
		};
		21C48EDF1EB361E800936EC5 /* Debug */ = {
			isa = XCBuildConfiguration;
			buildSettings = {
				ALWAYS_EMBED_SWIFT_STANDARD_LIBRARIES = YES;
				BUNDLE_LOADER = "$(TEST_HOST)";
				DEVELOPMENT_TEAM = 6LWG4DX8B8;
				INFOPLIST_FILE = foreignbuddyTests/Info.plist;
				LD_RUNPATH_SEARCH_PATHS = "$(inherited) @executable_path/Frameworks @loader_path/Frameworks";
				PRODUCT_BUNDLE_IDENTIFIER = "de.hdm-stuttgart.foreignbuddyTests";
				PRODUCT_NAME = "$(TARGET_NAME)";
				SWIFT_VERSION = 3.0;
				TEST_HOST = "$(BUILT_PRODUCTS_DIR)/foreignbuddy.app/foreignbuddy";
			};
			name = Debug;
		};
		21C48EE01EB361E800936EC5 /* Release */ = {
			isa = XCBuildConfiguration;
			buildSettings = {
				ALWAYS_EMBED_SWIFT_STANDARD_LIBRARIES = YES;
				BUNDLE_LOADER = "$(TEST_HOST)";
				DEVELOPMENT_TEAM = 6LWG4DX8B8;
				INFOPLIST_FILE = foreignbuddyTests/Info.plist;
				LD_RUNPATH_SEARCH_PATHS = "$(inherited) @executable_path/Frameworks @loader_path/Frameworks";
				PRODUCT_BUNDLE_IDENTIFIER = "de.hdm-stuttgart.foreignbuddyTests";
				PRODUCT_NAME = "$(TARGET_NAME)";
				SWIFT_VERSION = 3.0;
				TEST_HOST = "$(BUILT_PRODUCTS_DIR)/foreignbuddy.app/foreignbuddy";
			};
			name = Release;
		};
		21C48EE21EB361E800936EC5 /* Debug */ = {
			isa = XCBuildConfiguration;
			buildSettings = {
				ALWAYS_EMBED_SWIFT_STANDARD_LIBRARIES = YES;
				DEVELOPMENT_TEAM = 6LWG4DX8B8;
				INFOPLIST_FILE = foreignbuddyUITests/Info.plist;
				LD_RUNPATH_SEARCH_PATHS = "$(inherited) @executable_path/Frameworks @loader_path/Frameworks";
				PRODUCT_BUNDLE_IDENTIFIER = "de.hdm-stuttgart.foreignbuddyUITests";
				PRODUCT_NAME = "$(TARGET_NAME)";
				SWIFT_VERSION = 3.0;
				TEST_TARGET_NAME = foreignbuddy;
			};
			name = Debug;
		};
		21C48EE31EB361E800936EC5 /* Release */ = {
			isa = XCBuildConfiguration;
			buildSettings = {
				ALWAYS_EMBED_SWIFT_STANDARD_LIBRARIES = YES;
				DEVELOPMENT_TEAM = 6LWG4DX8B8;
				INFOPLIST_FILE = foreignbuddyUITests/Info.plist;
				LD_RUNPATH_SEARCH_PATHS = "$(inherited) @executable_path/Frameworks @loader_path/Frameworks";
				PRODUCT_BUNDLE_IDENTIFIER = "de.hdm-stuttgart.foreignbuddyUITests";
				PRODUCT_NAME = "$(TARGET_NAME)";
				SWIFT_VERSION = 3.0;
				TEST_TARGET_NAME = foreignbuddy;
			};
			name = Release;
		};
/* End XCBuildConfiguration section */

/* Begin XCConfigurationList section */
		21C48EAC1EB361E700936EC5 /* Build configuration list for PBXProject "foreignbuddy" */ = {
			isa = XCConfigurationList;
			buildConfigurations = (
				21C48ED91EB361E800936EC5 /* Debug */,
				21C48EDA1EB361E800936EC5 /* Release */,
			);
			defaultConfigurationIsVisible = 0;
			defaultConfigurationName = Release;
		};
		21C48EDB1EB361E800936EC5 /* Build configuration list for PBXNativeTarget "foreignbuddy" */ = {
			isa = XCConfigurationList;
			buildConfigurations = (
				21C48EDC1EB361E800936EC5 /* Debug */,
				21C48EDD1EB361E800936EC5 /* Release */,
			);
			defaultConfigurationIsVisible = 0;
		};
		21C48EDE1EB361E800936EC5 /* Build configuration list for PBXNativeTarget "foreignbuddyTests" */ = {
			isa = XCConfigurationList;
			buildConfigurations = (
				21C48EDF1EB361E800936EC5 /* Debug */,
				21C48EE01EB361E800936EC5 /* Release */,
			);
			defaultConfigurationIsVisible = 0;
		};
		21C48EE11EB361E800936EC5 /* Build configuration list for PBXNativeTarget "foreignbuddyUITests" */ = {
			isa = XCConfigurationList;
			buildConfigurations = (
				21C48EE21EB361E800936EC5 /* Debug */,
				21C48EE31EB361E800936EC5 /* Release */,
			);
			defaultConfigurationIsVisible = 0;
		};
/* End XCConfigurationList section */
	};
	rootObject = 21C48EA91EB361E700936EC5 /* Project object */;
}
