// !$*UTF8*$!
{
	archiveVersion = 1;
	classes = {
	};
	objectVersion = 46;
	objects = {

/* Begin PBXBuildFile section */
		2114EFF31ECB067C00D2CECA /* AppDelegate.swift in Sources */ = {isa = PBXBuildFile; fileRef = 2114EFF21ECB067C00D2CECA /* AppDelegate.swift */; };
		2114EFFA1ECB067C00D2CECA /* Main.storyboard in Resources */ = {isa = PBXBuildFile; fileRef = 2114EFF81ECB067C00D2CECA /* Main.storyboard */; };
		2114EFFC1ECB067C00D2CECA /* Assets.xcassets in Resources */ = {isa = PBXBuildFile; fileRef = 2114EFFB1ECB067C00D2CECA /* Assets.xcassets */; };
		2114EFFF1ECB067C00D2CECA /* LaunchScreen.storyboard in Resources */ = {isa = PBXBuildFile; fileRef = 2114EFFD1ECB067C00D2CECA /* LaunchScreen.storyboard */; };
		2114F00A1ECB067C00D2CECA /* ForeignBuddyIOSTests.swift in Sources */ = {isa = PBXBuildFile; fileRef = 2114F0091ECB067C00D2CECA /* ForeignBuddyIOSTests.swift */; };
		2114F0151ECB067C00D2CECA /* ForeignBuddyIOSUITests.swift in Sources */ = {isa = PBXBuildFile; fileRef = 2114F0141ECB067C00D2CECA /* ForeignBuddyIOSUITests.swift */; };
		218E24451ECB12FF00080321 /* LoginViewController.swift in Sources */ = {isa = PBXBuildFile; fileRef = 218E24441ECB12FF00080321 /* LoginViewController.swift */; };
		218E24461ECB12FF00080321 /* LoginViewController.swift in Sources */ = {isa = PBXBuildFile; fileRef = 218E24441ECB12FF00080321 /* LoginViewController.swift */; };
		218E24471ECB12FF00080321 /* LoginViewController.swift in Sources */ = {isa = PBXBuildFile; fileRef = 218E24441ECB12FF00080321 /* LoginViewController.swift */; };
		21ABE7271ECB074F00BEF53B /* GoogleService-Info.plist in Resources */ = {isa = PBXBuildFile; fileRef = 21ABE7261ECB074F00BEF53B /* GoogleService-Info.plist */; };
		21ABE7281ECB074F00BEF53B /* GoogleService-Info.plist in Resources */ = {isa = PBXBuildFile; fileRef = 21ABE7261ECB074F00BEF53B /* GoogleService-Info.plist */; };
		21ABE7291ECB074F00BEF53B /* GoogleService-Info.plist in Resources */ = {isa = PBXBuildFile; fileRef = 21ABE7261ECB074F00BEF53B /* GoogleService-Info.plist */; };
		76BF1252D4D677C9AE6F57E7 /* Pods_ForeignBuddyIOS.framework in Frameworks */ = {isa = PBXBuildFile; fileRef = 33D60FBA173FA4159FC94F1D /* Pods_ForeignBuddyIOS.framework */; };
		9655386E1ECDE87C001EF5F8 /* ProfileViewController.swift in Sources */ = {isa = PBXBuildFile; fileRef = 9655386D1ECDE87C001EF5F8 /* ProfileViewController.swift */; };
		9655386F1ECDE87C001EF5F8 /* ProfileViewController.swift in Sources */ = {isa = PBXBuildFile; fileRef = 9655386D1ECDE87C001EF5F8 /* ProfileViewController.swift */; };
		965538701ECDE87C001EF5F8 /* ProfileViewController.swift in Sources */ = {isa = PBXBuildFile; fileRef = 9655386D1ECDE87C001EF5F8 /* ProfileViewController.swift */; };
		965F3B641ED04BA7003F67FC /* FirebaseSingletonPattern.swift in Sources */ = {isa = PBXBuildFile; fileRef = 9697E6E51ED03638006317B5 /* FirebaseSingletonPattern.swift */; };
		965F3B651ED04BA8003F67FC /* FirebaseSingletonPattern.swift in Sources */ = {isa = PBXBuildFile; fileRef = 9697E6E51ED03638006317B5 /* FirebaseSingletonPattern.swift */; };
		966ABCFC1ECB74B600EB8050 /* UserDetailViewController.swift in Sources */ = {isa = PBXBuildFile; fileRef = 966ABCFB1ECB74B600EB8050 /* UserDetailViewController.swift */; };
		966ABCFD1ECB74B600EB8050 /* UserDetailViewController.swift in Sources */ = {isa = PBXBuildFile; fileRef = 966ABCFB1ECB74B600EB8050 /* UserDetailViewController.swift */; };
		966ABCFE1ECB74B600EB8050 /* UserDetailViewController.swift in Sources */ = {isa = PBXBuildFile; fileRef = 966ABCFB1ECB74B600EB8050 /* UserDetailViewController.swift */; };
		9697E6E61ED03638006317B5 /* FirebaseSingletonPattern.swift in Sources */ = {isa = PBXBuildFile; fileRef = 9697E6E51ED03638006317B5 /* FirebaseSingletonPattern.swift */; };
		ABE2786117C3E09208305D93 /* Pods_ForeignBuddyIOS_ForeignBuddyIOSUITests.framework in Frameworks */ = {isa = PBXBuildFile; fileRef = EE62D88D78DCA1511ACDD271 /* Pods_ForeignBuddyIOS_ForeignBuddyIOSUITests.framework */; };
		F2E3AABD7592A7281232548D /* Pods_ForeignBuddyIOS_ForeignBuddyIOSTests.framework in Frameworks */ = {isa = PBXBuildFile; fileRef = E8659F6C7A8AEAABE3BF61C4 /* Pods_ForeignBuddyIOS_ForeignBuddyIOSTests.framework */; };
/* End PBXBuildFile section */

/* Begin PBXContainerItemProxy section */
		2114F0061ECB067C00D2CECA /* PBXContainerItemProxy */ = {
			isa = PBXContainerItemProxy;
			containerPortal = 2114EFE71ECB067C00D2CECA /* Project object */;
			proxyType = 1;
			remoteGlobalIDString = 2114EFEE1ECB067C00D2CECA;
			remoteInfo = ForeignBuddyIOS;
		};
		2114F0111ECB067C00D2CECA /* PBXContainerItemProxy */ = {
			isa = PBXContainerItemProxy;
			containerPortal = 2114EFE71ECB067C00D2CECA /* Project object */;
			proxyType = 1;
			remoteGlobalIDString = 2114EFEE1ECB067C00D2CECA;
			remoteInfo = ForeignBuddyIOS;
		};
/* End PBXContainerItemProxy section */

/* Begin PBXFileReference section */
		2114EFEF1ECB067C00D2CECA /* ForeignBuddyIOS.app */ = {isa = PBXFileReference; explicitFileType = wrapper.application; includeInIndex = 0; path = ForeignBuddyIOS.app; sourceTree = BUILT_PRODUCTS_DIR; };
		2114EFF21ECB067C00D2CECA /* AppDelegate.swift */ = {isa = PBXFileReference; lastKnownFileType = sourcecode.swift; path = AppDelegate.swift; sourceTree = "<group>"; };
		2114EFF91ECB067C00D2CECA /* Base */ = {isa = PBXFileReference; lastKnownFileType = file.storyboard; name = Base; path = Base.lproj/Main.storyboard; sourceTree = "<group>"; };
		2114EFFB1ECB067C00D2CECA /* Assets.xcassets */ = {isa = PBXFileReference; lastKnownFileType = folder.assetcatalog; path = Assets.xcassets; sourceTree = "<group>"; };
		2114EFFE1ECB067C00D2CECA /* Base */ = {isa = PBXFileReference; lastKnownFileType = file.storyboard; name = Base; path = Base.lproj/LaunchScreen.storyboard; sourceTree = "<group>"; };
		2114F0001ECB067C00D2CECA /* Info.plist */ = {isa = PBXFileReference; lastKnownFileType = text.plist.xml; path = Info.plist; sourceTree = "<group>"; };
		2114F0051ECB067C00D2CECA /* ForeignBuddyIOSTests.xctest */ = {isa = PBXFileReference; explicitFileType = wrapper.cfbundle; includeInIndex = 0; path = ForeignBuddyIOSTests.xctest; sourceTree = BUILT_PRODUCTS_DIR; };
		2114F0091ECB067C00D2CECA /* ForeignBuddyIOSTests.swift */ = {isa = PBXFileReference; lastKnownFileType = sourcecode.swift; path = ForeignBuddyIOSTests.swift; sourceTree = "<group>"; };
		2114F00B1ECB067C00D2CECA /* Info.plist */ = {isa = PBXFileReference; lastKnownFileType = text.plist.xml; path = Info.plist; sourceTree = "<group>"; };
		2114F0101ECB067C00D2CECA /* ForeignBuddyIOSUITests.xctest */ = {isa = PBXFileReference; explicitFileType = wrapper.cfbundle; includeInIndex = 0; path = ForeignBuddyIOSUITests.xctest; sourceTree = BUILT_PRODUCTS_DIR; };
		2114F0141ECB067C00D2CECA /* ForeignBuddyIOSUITests.swift */ = {isa = PBXFileReference; lastKnownFileType = sourcecode.swift; path = ForeignBuddyIOSUITests.swift; sourceTree = "<group>"; };
		2114F0161ECB067C00D2CECA /* Info.plist */ = {isa = PBXFileReference; lastKnownFileType = text.plist.xml; path = Info.plist; sourceTree = "<group>"; };
		218E24441ECB12FF00080321 /* LoginViewController.swift */ = {isa = PBXFileReference; fileEncoding = 4; lastKnownFileType = sourcecode.swift; path = LoginViewController.swift; sourceTree = "<group>"; };
		21ABE7261ECB074F00BEF53B /* GoogleService-Info.plist */ = {isa = PBXFileReference; fileEncoding = 4; lastKnownFileType = text.plist.xml; path = "GoogleService-Info.plist"; sourceTree = "<group>"; };
		28564B31D6C311C098FF2C5F /* Pods-ForeignBuddyIOS-ForeignBuddyIOSTests.release.xcconfig */ = {isa = PBXFileReference; includeInIndex = 1; lastKnownFileType = text.xcconfig; name = "Pods-ForeignBuddyIOS-ForeignBuddyIOSTests.release.xcconfig"; path = "Pods/Target Support Files/Pods-ForeignBuddyIOS-ForeignBuddyIOSTests/Pods-ForeignBuddyIOS-ForeignBuddyIOSTests.release.xcconfig"; sourceTree = "<group>"; };
		2CEB778570A4E035C7276B50 /* Pods-ForeignBuddyIOS-ForeignBuddyIOSUITests.release.xcconfig */ = {isa = PBXFileReference; includeInIndex = 1; lastKnownFileType = text.xcconfig; name = "Pods-ForeignBuddyIOS-ForeignBuddyIOSUITests.release.xcconfig"; path = "Pods/Target Support Files/Pods-ForeignBuddyIOS-ForeignBuddyIOSUITests/Pods-ForeignBuddyIOS-ForeignBuddyIOSUITests.release.xcconfig"; sourceTree = "<group>"; };
		33D60FBA173FA4159FC94F1D /* Pods_ForeignBuddyIOS.framework */ = {isa = PBXFileReference; explicitFileType = wrapper.framework; includeInIndex = 0; path = Pods_ForeignBuddyIOS.framework; sourceTree = BUILT_PRODUCTS_DIR; };
		6011AF6ECCE354F894807BDC /* Pods-ForeignBuddyIOS.release.xcconfig */ = {isa = PBXFileReference; includeInIndex = 1; lastKnownFileType = text.xcconfig; name = "Pods-ForeignBuddyIOS.release.xcconfig"; path = "Pods/Target Support Files/Pods-ForeignBuddyIOS/Pods-ForeignBuddyIOS.release.xcconfig"; sourceTree = "<group>"; };
		6354AC24053BB2E788AE9AD8 /* Pods-ForeignBuddyIOS-ForeignBuddyIOSTests.debug.xcconfig */ = {isa = PBXFileReference; includeInIndex = 1; lastKnownFileType = text.xcconfig; name = "Pods-ForeignBuddyIOS-ForeignBuddyIOSTests.debug.xcconfig"; path = "Pods/Target Support Files/Pods-ForeignBuddyIOS-ForeignBuddyIOSTests/Pods-ForeignBuddyIOS-ForeignBuddyIOSTests.debug.xcconfig"; sourceTree = "<group>"; };
		9655386D1ECDE87C001EF5F8 /* ProfileViewController.swift */ = {isa = PBXFileReference; fileEncoding = 4; lastKnownFileType = sourcecode.swift; path = ProfileViewController.swift; sourceTree = "<group>"; };
		966ABCFB1ECB74B600EB8050 /* UserDetailViewController.swift */ = {isa = PBXFileReference; fileEncoding = 4; lastKnownFileType = sourcecode.swift; path = UserDetailViewController.swift; sourceTree = "<group>"; };
		9697E6E51ED03638006317B5 /* FirebaseSingletonPattern.swift */ = {isa = PBXFileReference; fileEncoding = 4; lastKnownFileType = sourcecode.swift; path = FirebaseSingletonPattern.swift; sourceTree = "<group>"; };
		A7B8EB7CBF1816965E2D79FD /* Pods-ForeignBuddyIOS.debug.xcconfig */ = {isa = PBXFileReference; includeInIndex = 1; lastKnownFileType = text.xcconfig; name = "Pods-ForeignBuddyIOS.debug.xcconfig"; path = "Pods/Target Support Files/Pods-ForeignBuddyIOS/Pods-ForeignBuddyIOS.debug.xcconfig"; sourceTree = "<group>"; };
		E8659F6C7A8AEAABE3BF61C4 /* Pods_ForeignBuddyIOS_ForeignBuddyIOSTests.framework */ = {isa = PBXFileReference; explicitFileType = wrapper.framework; includeInIndex = 0; path = Pods_ForeignBuddyIOS_ForeignBuddyIOSTests.framework; sourceTree = BUILT_PRODUCTS_DIR; };
		EE62D88D78DCA1511ACDD271 /* Pods_ForeignBuddyIOS_ForeignBuddyIOSUITests.framework */ = {isa = PBXFileReference; explicitFileType = wrapper.framework; includeInIndex = 0; path = Pods_ForeignBuddyIOS_ForeignBuddyIOSUITests.framework; sourceTree = BUILT_PRODUCTS_DIR; };
		F903629F127B11DA9DD1344A /* Pods-ForeignBuddyIOS-ForeignBuddyIOSUITests.debug.xcconfig */ = {isa = PBXFileReference; includeInIndex = 1; lastKnownFileType = text.xcconfig; name = "Pods-ForeignBuddyIOS-ForeignBuddyIOSUITests.debug.xcconfig"; path = "Pods/Target Support Files/Pods-ForeignBuddyIOS-ForeignBuddyIOSUITests/Pods-ForeignBuddyIOS-ForeignBuddyIOSUITests.debug.xcconfig"; sourceTree = "<group>"; };
/* End PBXFileReference section */

/* Begin PBXFrameworksBuildPhase section */
		2114EFEC1ECB067C00D2CECA /* Frameworks */ = {
			isa = PBXFrameworksBuildPhase;
			buildActionMask = 2147483647;
			files = (
				76BF1252D4D677C9AE6F57E7 /* Pods_ForeignBuddyIOS.framework in Frameworks */,
			);
			runOnlyForDeploymentPostprocessing = 0;
		};
		2114F0021ECB067C00D2CECA /* Frameworks */ = {
			isa = PBXFrameworksBuildPhase;
			buildActionMask = 2147483647;
			files = (
				F2E3AABD7592A7281232548D /* Pods_ForeignBuddyIOS_ForeignBuddyIOSTests.framework in Frameworks */,
			);
			runOnlyForDeploymentPostprocessing = 0;
		};
		2114F00D1ECB067C00D2CECA /* Frameworks */ = {
			isa = PBXFrameworksBuildPhase;
			buildActionMask = 2147483647;
			files = (
				ABE2786117C3E09208305D93 /* Pods_ForeignBuddyIOS_ForeignBuddyIOSUITests.framework in Frameworks */,
			);
			runOnlyForDeploymentPostprocessing = 0;
		};
/* End PBXFrameworksBuildPhase section */

/* Begin PBXGroup section */
		2114EFE61ECB067C00D2CECA = {
			isa = PBXGroup;
			children = (
				2114EFF11ECB067C00D2CECA /* ForeignBuddyIOS */,
				2114F0081ECB067C00D2CECA /* ForeignBuddyIOSTests */,
				2114F0131ECB067C00D2CECA /* ForeignBuddyIOSUITests */,
				2114EFF01ECB067C00D2CECA /* Products */,
				685BF9DAF7A2D62234CA73B4 /* Pods */,
				80E6542482BC8DAE42344F1E /* Frameworks */,
			);
			sourceTree = "<group>";
		};
		2114EFF01ECB067C00D2CECA /* Products */ = {
			isa = PBXGroup;
			children = (
				2114EFEF1ECB067C00D2CECA /* ForeignBuddyIOS.app */,
				2114F0051ECB067C00D2CECA /* ForeignBuddyIOSTests.xctest */,
				2114F0101ECB067C00D2CECA /* ForeignBuddyIOSUITests.xctest */,
			);
			name = Products;
			sourceTree = "<group>";
		};
		2114EFF11ECB067C00D2CECA /* ForeignBuddyIOS */ = {
			isa = PBXGroup;
			children = (
				21ABE7261ECB074F00BEF53B /* GoogleService-Info.plist */,
				2114EFF21ECB067C00D2CECA /* AppDelegate.swift */,
				218E24441ECB12FF00080321 /* LoginViewController.swift */,
				9697E6E51ED03638006317B5 /* FirebaseSingletonPattern.swift */,
				2114EFF81ECB067C00D2CECA /* Main.storyboard */,
				9655386D1ECDE87C001EF5F8 /* ProfileViewController.swift */,
				2114EFFB1ECB067C00D2CECA /* Assets.xcassets */,
				2114EFFD1ECB067C00D2CECA /* LaunchScreen.storyboard */,
				2114F0001ECB067C00D2CECA /* Info.plist */,
				966ABCFB1ECB74B600EB8050 /* UserDetailViewController.swift */,
			);
			path = ForeignBuddyIOS;
			sourceTree = "<group>";
		};
		2114F0081ECB067C00D2CECA /* ForeignBuddyIOSTests */ = {
			isa = PBXGroup;
			children = (
				2114F0091ECB067C00D2CECA /* ForeignBuddyIOSTests.swift */,
				2114F00B1ECB067C00D2CECA /* Info.plist */,
			);
			path = ForeignBuddyIOSTests;
			sourceTree = "<group>";
		};
		2114F0131ECB067C00D2CECA /* ForeignBuddyIOSUITests */ = {
			isa = PBXGroup;
			children = (
				2114F0141ECB067C00D2CECA /* ForeignBuddyIOSUITests.swift */,
				2114F0161ECB067C00D2CECA /* Info.plist */,
			);
			path = ForeignBuddyIOSUITests;
			sourceTree = "<group>";
		};
		685BF9DAF7A2D62234CA73B4 /* Pods */ = {
			isa = PBXGroup;
			children = (
				A7B8EB7CBF1816965E2D79FD /* Pods-ForeignBuddyIOS.debug.xcconfig */,
				6011AF6ECCE354F894807BDC /* Pods-ForeignBuddyIOS.release.xcconfig */,
				6354AC24053BB2E788AE9AD8 /* Pods-ForeignBuddyIOS-ForeignBuddyIOSTests.debug.xcconfig */,
				28564B31D6C311C098FF2C5F /* Pods-ForeignBuddyIOS-ForeignBuddyIOSTests.release.xcconfig */,
				F903629F127B11DA9DD1344A /* Pods-ForeignBuddyIOS-ForeignBuddyIOSUITests.debug.xcconfig */,
				2CEB778570A4E035C7276B50 /* Pods-ForeignBuddyIOS-ForeignBuddyIOSUITests.release.xcconfig */,
			);
			name = Pods;
			sourceTree = "<group>";
		};
		80E6542482BC8DAE42344F1E /* Frameworks */ = {
			isa = PBXGroup;
			children = (
				33D60FBA173FA4159FC94F1D /* Pods_ForeignBuddyIOS.framework */,
				E8659F6C7A8AEAABE3BF61C4 /* Pods_ForeignBuddyIOS_ForeignBuddyIOSTests.framework */,
				EE62D88D78DCA1511ACDD271 /* Pods_ForeignBuddyIOS_ForeignBuddyIOSUITests.framework */,
			);
			name = Frameworks;
			sourceTree = "<group>";
		};
/* End PBXGroup section */

/* Begin PBXNativeTarget section */
		2114EFEE1ECB067C00D2CECA /* ForeignBuddyIOS */ = {
			isa = PBXNativeTarget;
			buildConfigurationList = 2114F0191ECB067C00D2CECA /* Build configuration list for PBXNativeTarget "ForeignBuddyIOS" */;
			buildPhases = (
				A89F08E470A78F2ABC5A03BC /* [CP] Check Pods Manifest.lock */,
				2114EFEB1ECB067C00D2CECA /* Sources */,
				2114EFEC1ECB067C00D2CECA /* Frameworks */,
				2114EFED1ECB067C00D2CECA /* Resources */,
				5FF22C69609C63100B51D75D /* [CP] Embed Pods Frameworks */,
				6BC4AF93E071D8E00023CB3A /* [CP] Copy Pods Resources */,
			);
			buildRules = (
			);
			dependencies = (
			);
			name = ForeignBuddyIOS;
			productName = ForeignBuddyIOS;
			productReference = 2114EFEF1ECB067C00D2CECA /* ForeignBuddyIOS.app */;
			productType = "com.apple.product-type.application";
		};
		2114F0041ECB067C00D2CECA /* ForeignBuddyIOSTests */ = {
			isa = PBXNativeTarget;
			buildConfigurationList = 2114F01C1ECB067C00D2CECA /* Build configuration list for PBXNativeTarget "ForeignBuddyIOSTests" */;
			buildPhases = (
				A70BEFB03957E29023A892A0 /* [CP] Check Pods Manifest.lock */,
				2114F0011ECB067C00D2CECA /* Sources */,
				2114F0021ECB067C00D2CECA /* Frameworks */,
				2114F0031ECB067C00D2CECA /* Resources */,
				FAE7538EB358AEF661B8A707 /* [CP] Embed Pods Frameworks */,
				6EFC1D2089A71417A05EC808 /* [CP] Copy Pods Resources */,
			);
			buildRules = (
			);
			dependencies = (
				2114F0071ECB067C00D2CECA /* PBXTargetDependency */,
			);
			name = ForeignBuddyIOSTests;
			productName = ForeignBuddyIOSTests;
			productReference = 2114F0051ECB067C00D2CECA /* ForeignBuddyIOSTests.xctest */;
			productType = "com.apple.product-type.bundle.unit-test";
		};
		2114F00F1ECB067C00D2CECA /* ForeignBuddyIOSUITests */ = {
			isa = PBXNativeTarget;
			buildConfigurationList = 2114F01F1ECB067C00D2CECA /* Build configuration list for PBXNativeTarget "ForeignBuddyIOSUITests" */;
			buildPhases = (
				D86DC4011AF46820E5BB2B7A /* [CP] Check Pods Manifest.lock */,
				2114F00C1ECB067C00D2CECA /* Sources */,
				2114F00D1ECB067C00D2CECA /* Frameworks */,
				2114F00E1ECB067C00D2CECA /* Resources */,
				B93FE09362BDDB07EB8B2D81 /* [CP] Embed Pods Frameworks */,
				782C513EFBDD8623BF01DF1E /* [CP] Copy Pods Resources */,
			);
			buildRules = (
			);
			dependencies = (
				2114F0121ECB067C00D2CECA /* PBXTargetDependency */,
			);
			name = ForeignBuddyIOSUITests;
			productName = ForeignBuddyIOSUITests;
			productReference = 2114F0101ECB067C00D2CECA /* ForeignBuddyIOSUITests.xctest */;
			productType = "com.apple.product-type.bundle.ui-testing";
		};
/* End PBXNativeTarget section */

/* Begin PBXProject section */
		2114EFE71ECB067C00D2CECA /* Project object */ = {
			isa = PBXProject;
			attributes = {
				LastSwiftUpdateCheck = 0830;
				LastUpgradeCheck = 0830;
				ORGANIZATIONNAME = "Hochschule der Medien";
				TargetAttributes = {
					2114EFEE1ECB067C00D2CECA = {
						CreatedOnToolsVersion = 8.3.2;
						DevelopmentTeam = L8565RD6NQ;
						ProvisioningStyle = Automatic;
					};
					2114F0041ECB067C00D2CECA = {
						CreatedOnToolsVersion = 8.3.2;
						ProvisioningStyle = Automatic;
						TestTargetID = 2114EFEE1ECB067C00D2CECA;
					};
					2114F00F1ECB067C00D2CECA = {
						CreatedOnToolsVersion = 8.3.2;
						ProvisioningStyle = Automatic;
						TestTargetID = 2114EFEE1ECB067C00D2CECA;
					};
				};
			};
			buildConfigurationList = 2114EFEA1ECB067C00D2CECA /* Build configuration list for PBXProject "ForeignBuddyIOS" */;
			compatibilityVersion = "Xcode 3.2";
			developmentRegion = English;
			hasScannedForEncodings = 0;
			knownRegions = (
				en,
				Base,
			);
			mainGroup = 2114EFE61ECB067C00D2CECA;
			productRefGroup = 2114EFF01ECB067C00D2CECA /* Products */;
			projectDirPath = "";
			projectRoot = "";
			targets = (
				2114EFEE1ECB067C00D2CECA /* ForeignBuddyIOS */,
				2114F0041ECB067C00D2CECA /* ForeignBuddyIOSTests */,
				2114F00F1ECB067C00D2CECA /* ForeignBuddyIOSUITests */,
			);
		};
/* End PBXProject section */

/* Begin PBXResourcesBuildPhase section */
		2114EFED1ECB067C00D2CECA /* Resources */ = {
			isa = PBXResourcesBuildPhase;
			buildActionMask = 2147483647;
			files = (
				2114EFFF1ECB067C00D2CECA /* LaunchScreen.storyboard in Resources */,
				21ABE7271ECB074F00BEF53B /* GoogleService-Info.plist in Resources */,
				2114EFFC1ECB067C00D2CECA /* Assets.xcassets in Resources */,
				2114EFFA1ECB067C00D2CECA /* Main.storyboard in Resources */,
			);
			runOnlyForDeploymentPostprocessing = 0;
		};
		2114F0031ECB067C00D2CECA /* Resources */ = {
			isa = PBXResourcesBuildPhase;
			buildActionMask = 2147483647;
			files = (
				21ABE7281ECB074F00BEF53B /* GoogleService-Info.plist in Resources */,
			);
			runOnlyForDeploymentPostprocessing = 0;
		};
		2114F00E1ECB067C00D2CECA /* Resources */ = {
			isa = PBXResourcesBuildPhase;
			buildActionMask = 2147483647;
			files = (
				21ABE7291ECB074F00BEF53B /* GoogleService-Info.plist in Resources */,
			);
			runOnlyForDeploymentPostprocessing = 0;
		};
/* End PBXResourcesBuildPhase section */

/* Begin PBXShellScriptBuildPhase section */
		5FF22C69609C63100B51D75D /* [CP] Embed Pods Frameworks */ = {
			isa = PBXShellScriptBuildPhase;
			buildActionMask = 2147483647;
			files = (
			);
			inputPaths = (
			);
			name = "[CP] Embed Pods Frameworks";
			outputPaths = (
			);
			runOnlyForDeploymentPostprocessing = 0;
			shellPath = /bin/sh;
			shellScript = "\"${SRCROOT}/Pods/Target Support Files/Pods-ForeignBuddyIOS/Pods-ForeignBuddyIOS-frameworks.sh\"\n";
			showEnvVarsInLog = 0;
		};
		6BC4AF93E071D8E00023CB3A /* [CP] Copy Pods Resources */ = {
			isa = PBXShellScriptBuildPhase;
			buildActionMask = 2147483647;
			files = (
			);
			inputPaths = (
			);
			name = "[CP] Copy Pods Resources";
			outputPaths = (
			);
			runOnlyForDeploymentPostprocessing = 0;
			shellPath = /bin/sh;
			shellScript = "\"${SRCROOT}/Pods/Target Support Files/Pods-ForeignBuddyIOS/Pods-ForeignBuddyIOS-resources.sh\"\n";
			showEnvVarsInLog = 0;
		};
		6EFC1D2089A71417A05EC808 /* [CP] Copy Pods Resources */ = {
			isa = PBXShellScriptBuildPhase;
			buildActionMask = 2147483647;
			files = (
			);
			inputPaths = (
			);
			name = "[CP] Copy Pods Resources";
			outputPaths = (
			);
			runOnlyForDeploymentPostprocessing = 0;
			shellPath = /bin/sh;
			shellScript = "\"${SRCROOT}/Pods/Target Support Files/Pods-ForeignBuddyIOS-ForeignBuddyIOSTests/Pods-ForeignBuddyIOS-ForeignBuddyIOSTests-resources.sh\"\n";
			showEnvVarsInLog = 0;
		};
		782C513EFBDD8623BF01DF1E /* [CP] Copy Pods Resources */ = {
			isa = PBXShellScriptBuildPhase;
			buildActionMask = 2147483647;
			files = (
			);
			inputPaths = (
			);
			name = "[CP] Copy Pods Resources";
			outputPaths = (
			);
			runOnlyForDeploymentPostprocessing = 0;
			shellPath = /bin/sh;
			shellScript = "\"${SRCROOT}/Pods/Target Support Files/Pods-ForeignBuddyIOS-ForeignBuddyIOSUITests/Pods-ForeignBuddyIOS-ForeignBuddyIOSUITests-resources.sh\"\n";
			showEnvVarsInLog = 0;
		};
		A70BEFB03957E29023A892A0 /* [CP] Check Pods Manifest.lock */ = {
			isa = PBXShellScriptBuildPhase;
			buildActionMask = 2147483647;
			files = (
			);
			inputPaths = (
			);
			name = "[CP] Check Pods Manifest.lock";
			outputPaths = (
			);
			runOnlyForDeploymentPostprocessing = 0;
			shellPath = /bin/sh;
			shellScript = "diff \"${PODS_PODFILE_DIR_PATH}/Podfile.lock\" \"${PODS_ROOT}/Manifest.lock\" > /dev/null\nif [ $? != 0 ] ; then\n    # print error to STDERR\n    echo \"error: The sandbox is not in sync with the Podfile.lock. Run 'pod install' or update your CocoaPods installation.\" >&2\n    exit 1\nfi\n";
			showEnvVarsInLog = 0;
		};
		A89F08E470A78F2ABC5A03BC /* [CP] Check Pods Manifest.lock */ = {
			isa = PBXShellScriptBuildPhase;
			buildActionMask = 2147483647;
			files = (
			);
			inputPaths = (
			);
			name = "[CP] Check Pods Manifest.lock";
			outputPaths = (
			);
			runOnlyForDeploymentPostprocessing = 0;
			shellPath = /bin/sh;
			shellScript = "diff \"${PODS_PODFILE_DIR_PATH}/Podfile.lock\" \"${PODS_ROOT}/Manifest.lock\" > /dev/null\nif [ $? != 0 ] ; then\n    # print error to STDERR\n    echo \"error: The sandbox is not in sync with the Podfile.lock. Run 'pod install' or update your CocoaPods installation.\" >&2\n    exit 1\nfi\n";
			showEnvVarsInLog = 0;
		};
		B93FE09362BDDB07EB8B2D81 /* [CP] Embed Pods Frameworks */ = {
			isa = PBXShellScriptBuildPhase;
			buildActionMask = 2147483647;
			files = (
			);
			inputPaths = (
			);
			name = "[CP] Embed Pods Frameworks";
			outputPaths = (
			);
			runOnlyForDeploymentPostprocessing = 0;
			shellPath = /bin/sh;
			shellScript = "\"${SRCROOT}/Pods/Target Support Files/Pods-ForeignBuddyIOS-ForeignBuddyIOSUITests/Pods-ForeignBuddyIOS-ForeignBuddyIOSUITests-frameworks.sh\"\n";
			showEnvVarsInLog = 0;
		};
		D86DC4011AF46820E5BB2B7A /* [CP] Check Pods Manifest.lock */ = {
			isa = PBXShellScriptBuildPhase;
			buildActionMask = 2147483647;
			files = (
			);
			inputPaths = (
			);
			name = "[CP] Check Pods Manifest.lock";
			outputPaths = (
			);
			runOnlyForDeploymentPostprocessing = 0;
			shellPath = /bin/sh;
			shellScript = "diff \"${PODS_PODFILE_DIR_PATH}/Podfile.lock\" \"${PODS_ROOT}/Manifest.lock\" > /dev/null\nif [ $? != 0 ] ; then\n    # print error to STDERR\n    echo \"error: The sandbox is not in sync with the Podfile.lock. Run 'pod install' or update your CocoaPods installation.\" >&2\n    exit 1\nfi\n";
			showEnvVarsInLog = 0;
		};
		FAE7538EB358AEF661B8A707 /* [CP] Embed Pods Frameworks */ = {
			isa = PBXShellScriptBuildPhase;
			buildActionMask = 2147483647;
			files = (
			);
			inputPaths = (
			);
			name = "[CP] Embed Pods Frameworks";
			outputPaths = (
			);
			runOnlyForDeploymentPostprocessing = 0;
			shellPath = /bin/sh;
			shellScript = "\"${SRCROOT}/Pods/Target Support Files/Pods-ForeignBuddyIOS-ForeignBuddyIOSTests/Pods-ForeignBuddyIOS-ForeignBuddyIOSTests-frameworks.sh\"\n";
			showEnvVarsInLog = 0;
		};
/* End PBXShellScriptBuildPhase section */

/* Begin PBXSourcesBuildPhase section */
		2114EFEB1ECB067C00D2CECA /* Sources */ = {
			isa = PBXSourcesBuildPhase;
			buildActionMask = 2147483647;
			files = (
				9655386E1ECDE87C001EF5F8 /* ProfileViewController.swift in Sources */,
				218E24451ECB12FF00080321 /* LoginViewController.swift in Sources */,
				966ABCFC1ECB74B600EB8050 /* UserDetailViewController.swift in Sources */,
				2114EFF31ECB067C00D2CECA /* AppDelegate.swift in Sources */,
				9697E6E61ED03638006317B5 /* FirebaseSingletonPattern.swift in Sources */,
			);
			runOnlyForDeploymentPostprocessing = 0;
		};
		2114F0011ECB067C00D2CECA /* Sources */ = {
			isa = PBXSourcesBuildPhase;
			buildActionMask = 2147483647;
			files = (
				218E24461ECB12FF00080321 /* LoginViewController.swift in Sources */,
				2114F00A1ECB067C00D2CECA /* ForeignBuddyIOSTests.swift in Sources */,
				9655386F1ECDE87C001EF5F8 /* ProfileViewController.swift in Sources */,
				965F3B641ED04BA7003F67FC /* FirebaseSingletonPattern.swift in Sources */,
				966ABCFD1ECB74B600EB8050 /* UserDetailViewController.swift in Sources */,
			);
			runOnlyForDeploymentPostprocessing = 0;
		};
		2114F00C1ECB067C00D2CECA /* Sources */ = {
			isa = PBXSourcesBuildPhase;
			buildActionMask = 2147483647;
			files = (
				218E24471ECB12FF00080321 /* LoginViewController.swift in Sources */,
				2114F0151ECB067C00D2CECA /* ForeignBuddyIOSUITests.swift in Sources */,
				965538701ECDE87C001EF5F8 /* ProfileViewController.swift in Sources */,
				965F3B651ED04BA8003F67FC /* FirebaseSingletonPattern.swift in Sources */,
				966ABCFE1ECB74B600EB8050 /* UserDetailViewController.swift in Sources */,
			);
			runOnlyForDeploymentPostprocessing = 0;
		};
/* End PBXSourcesBuildPhase section */

/* Begin PBXTargetDependency section */
		2114F0071ECB067C00D2CECA /* PBXTargetDependency */ = {
			isa = PBXTargetDependency;
			target = 2114EFEE1ECB067C00D2CECA /* ForeignBuddyIOS */;
			targetProxy = 2114F0061ECB067C00D2CECA /* PBXContainerItemProxy */;
		};
		2114F0121ECB067C00D2CECA /* PBXTargetDependency */ = {
			isa = PBXTargetDependency;
			target = 2114EFEE1ECB067C00D2CECA /* ForeignBuddyIOS */;
			targetProxy = 2114F0111ECB067C00D2CECA /* PBXContainerItemProxy */;
		};
/* End PBXTargetDependency section */

/* Begin PBXVariantGroup section */
		2114EFF81ECB067C00D2CECA /* Main.storyboard */ = {
			isa = PBXVariantGroup;
			children = (
				2114EFF91ECB067C00D2CECA /* Base */,
			);
			name = Main.storyboard;
			sourceTree = "<group>";
		};
		2114EFFD1ECB067C00D2CECA /* LaunchScreen.storyboard */ = {
			isa = PBXVariantGroup;
			children = (
				2114EFFE1ECB067C00D2CECA /* Base */,
			);
			name = LaunchScreen.storyboard;
			sourceTree = "<group>";
		};
/* End PBXVariantGroup section */

/* Begin XCBuildConfiguration section */
		2114F0171ECB067C00D2CECA /* Debug */ = {
			isa = XCBuildConfiguration;
			buildSettings = {
				ALWAYS_SEARCH_USER_PATHS = NO;
				CLANG_ANALYZER_NONNULL = YES;
				CLANG_ANALYZER_NUMBER_OBJECT_CONVERSION = YES_AGGRESSIVE;
				CLANG_CXX_LANGUAGE_STANDARD = "gnu++0x";
				CLANG_CXX_LIBRARY = "libc++";
				CLANG_ENABLE_MODULES = YES;
				CLANG_ENABLE_OBJC_ARC = YES;
				CLANG_WARN_BOOL_CONVERSION = YES;
				CLANG_WARN_CONSTANT_CONVERSION = YES;
				CLANG_WARN_DIRECT_OBJC_ISA_USAGE = YES_ERROR;
				CLANG_WARN_DOCUMENTATION_COMMENTS = YES;
				CLANG_WARN_EMPTY_BODY = YES;
				CLANG_WARN_ENUM_CONVERSION = YES;
				CLANG_WARN_INFINITE_RECURSION = YES;
				CLANG_WARN_INT_CONVERSION = YES;
				CLANG_WARN_OBJC_ROOT_CLASS = YES_ERROR;
				CLANG_WARN_SUSPICIOUS_MOVE = YES;
				CLANG_WARN_UNREACHABLE_CODE = YES;
				CLANG_WARN__DUPLICATE_METHOD_MATCH = YES;
				"CODE_SIGN_IDENTITY[sdk=iphoneos*]" = "iPhone Developer";
				COPY_PHASE_STRIP = NO;
				DEBUG_INFORMATION_FORMAT = dwarf;
				ENABLE_STRICT_OBJC_MSGSEND = YES;
				ENABLE_TESTABILITY = YES;
				GCC_C_LANGUAGE_STANDARD = gnu99;
				GCC_DYNAMIC_NO_PIC = NO;
				GCC_NO_COMMON_BLOCKS = YES;
				GCC_OPTIMIZATION_LEVEL = 0;
				GCC_PREPROCESSOR_DEFINITIONS = (
					"DEBUG=1",
					"$(inherited)",
				);
				GCC_WARN_64_TO_32_BIT_CONVERSION = YES;
				GCC_WARN_ABOUT_RETURN_TYPE = YES_ERROR;
				GCC_WARN_UNDECLARED_SELECTOR = YES;
				GCC_WARN_UNINITIALIZED_AUTOS = YES_AGGRESSIVE;
				GCC_WARN_UNUSED_FUNCTION = YES;
				GCC_WARN_UNUSED_VARIABLE = YES;
				IPHONEOS_DEPLOYMENT_TARGET = 10.3;
				MTL_ENABLE_DEBUG_INFO = YES;
				ONLY_ACTIVE_ARCH = YES;
				SDKROOT = iphoneos;
				SWIFT_ACTIVE_COMPILATION_CONDITIONS = DEBUG;
				SWIFT_OPTIMIZATION_LEVEL = "-Onone";
			};
			name = Debug;
		};
		2114F0181ECB067C00D2CECA /* Release */ = {
			isa = XCBuildConfiguration;
			buildSettings = {
				ALWAYS_SEARCH_USER_PATHS = NO;
				CLANG_ANALYZER_NONNULL = YES;
				CLANG_ANALYZER_NUMBER_OBJECT_CONVERSION = YES_AGGRESSIVE;
				CLANG_CXX_LANGUAGE_STANDARD = "gnu++0x";
				CLANG_CXX_LIBRARY = "libc++";
				CLANG_ENABLE_MODULES = YES;
				CLANG_ENABLE_OBJC_ARC = YES;
				CLANG_WARN_BOOL_CONVERSION = YES;
				CLANG_WARN_CONSTANT_CONVERSION = YES;
				CLANG_WARN_DIRECT_OBJC_ISA_USAGE = YES_ERROR;
				CLANG_WARN_DOCUMENTATION_COMMENTS = YES;
				CLANG_WARN_EMPTY_BODY = YES;
				CLANG_WARN_ENUM_CONVERSION = YES;
				CLANG_WARN_INFINITE_RECURSION = YES;
				CLANG_WARN_INT_CONVERSION = YES;
				CLANG_WARN_OBJC_ROOT_CLASS = YES_ERROR;
				CLANG_WARN_SUSPICIOUS_MOVE = YES;
				CLANG_WARN_UNREACHABLE_CODE = YES;
				CLANG_WARN__DUPLICATE_METHOD_MATCH = YES;
				"CODE_SIGN_IDENTITY[sdk=iphoneos*]" = "iPhone Developer";
				COPY_PHASE_STRIP = NO;
				DEBUG_INFORMATION_FORMAT = "dwarf-with-dsym";
				ENABLE_NS_ASSERTIONS = NO;
				ENABLE_STRICT_OBJC_MSGSEND = YES;
				GCC_C_LANGUAGE_STANDARD = gnu99;
				GCC_NO_COMMON_BLOCKS = YES;
				GCC_WARN_64_TO_32_BIT_CONVERSION = YES;
				GCC_WARN_ABOUT_RETURN_TYPE = YES_ERROR;
				GCC_WARN_UNDECLARED_SELECTOR = YES;
				GCC_WARN_UNINITIALIZED_AUTOS = YES_AGGRESSIVE;
				GCC_WARN_UNUSED_FUNCTION = YES;
				GCC_WARN_UNUSED_VARIABLE = YES;
				IPHONEOS_DEPLOYMENT_TARGET = 10.3;
				MTL_ENABLE_DEBUG_INFO = NO;
				SDKROOT = iphoneos;
				SWIFT_OPTIMIZATION_LEVEL = "-Owholemodule";
				VALIDATE_PRODUCT = YES;
			};
			name = Release;
		};
		2114F01A1ECB067C00D2CECA /* Debug */ = {
			isa = XCBuildConfiguration;
			baseConfigurationReference = A7B8EB7CBF1816965E2D79FD /* Pods-ForeignBuddyIOS.debug.xcconfig */;
			buildSettings = {
				ASSETCATALOG_COMPILER_APPICON_NAME = AppIcon;
				DEVELOPMENT_TEAM = L8565RD6NQ;
				INFOPLIST_FILE = ForeignBuddyIOS/Info.plist;
				LD_RUNPATH_SEARCH_PATHS = "$(inherited) @executable_path/Frameworks";
				PRODUCT_BUNDLE_IDENTIFIER = "de.hdm-stuttgart.ForeignBuddyIOS";
				PRODUCT_NAME = "$(TARGET_NAME)";
				SWIFT_VERSION = 3.0;
			};
			name = Debug;
		};
		2114F01B1ECB067C00D2CECA /* Release */ = {
			isa = XCBuildConfiguration;
			baseConfigurationReference = 6011AF6ECCE354F894807BDC /* Pods-ForeignBuddyIOS.release.xcconfig */;
			buildSettings = {
				ASSETCATALOG_COMPILER_APPICON_NAME = AppIcon;
				DEVELOPMENT_TEAM = L8565RD6NQ;
				INFOPLIST_FILE = ForeignBuddyIOS/Info.plist;
				LD_RUNPATH_SEARCH_PATHS = "$(inherited) @executable_path/Frameworks";
				PRODUCT_BUNDLE_IDENTIFIER = "de.hdm-stuttgart.ForeignBuddyIOS";
				PRODUCT_NAME = "$(TARGET_NAME)";
				SWIFT_VERSION = 3.0;
			};
			name = Release;
		};
		2114F01D1ECB067C00D2CECA /* Debug */ = {
			isa = XCBuildConfiguration;
			baseConfigurationReference = 6354AC24053BB2E788AE9AD8 /* Pods-ForeignBuddyIOS-ForeignBuddyIOSTests.debug.xcconfig */;
			buildSettings = {
				ALWAYS_EMBED_SWIFT_STANDARD_LIBRARIES = YES;
				BUNDLE_LOADER = "$(TEST_HOST)";
				INFOPLIST_FILE = ForeignBuddyIOSTests/Info.plist;
				LD_RUNPATH_SEARCH_PATHS = "$(inherited) @executable_path/Frameworks @loader_path/Frameworks";
				PRODUCT_BUNDLE_IDENTIFIER = "de.hdm-stuttgart.ForeignBuddyIOSTests";
				PRODUCT_NAME = "$(TARGET_NAME)";
				SWIFT_VERSION = 3.0;
				TEST_HOST = "$(BUILT_PRODUCTS_DIR)/ForeignBuddyIOS.app/ForeignBuddyIOS";
			};
			name = Debug;
		};
		2114F01E1ECB067C00D2CECA /* Release */ = {
			isa = XCBuildConfiguration;
			baseConfigurationReference = 28564B31D6C311C098FF2C5F /* Pods-ForeignBuddyIOS-ForeignBuddyIOSTests.release.xcconfig */;
			buildSettings = {
				ALWAYS_EMBED_SWIFT_STANDARD_LIBRARIES = YES;
				BUNDLE_LOADER = "$(TEST_HOST)";
				INFOPLIST_FILE = ForeignBuddyIOSTests/Info.plist;
				LD_RUNPATH_SEARCH_PATHS = "$(inherited) @executable_path/Frameworks @loader_path/Frameworks";
				PRODUCT_BUNDLE_IDENTIFIER = "de.hdm-stuttgart.ForeignBuddyIOSTests";
				PRODUCT_NAME = "$(TARGET_NAME)";
				SWIFT_VERSION = 3.0;
				TEST_HOST = "$(BUILT_PRODUCTS_DIR)/ForeignBuddyIOS.app/ForeignBuddyIOS";
			};
			name = Release;
		};
		2114F0201ECB067C00D2CECA /* Debug */ = {
			isa = XCBuildConfiguration;
			baseConfigurationReference = F903629F127B11DA9DD1344A /* Pods-ForeignBuddyIOS-ForeignBuddyIOSUITests.debug.xcconfig */;
			buildSettings = {
				ALWAYS_EMBED_SWIFT_STANDARD_LIBRARIES = YES;
				INFOPLIST_FILE = ForeignBuddyIOSUITests/Info.plist;
				LD_RUNPATH_SEARCH_PATHS = "$(inherited) @executable_path/Frameworks @loader_path/Frameworks";
				PRODUCT_BUNDLE_IDENTIFIER = "de.hdm-stuttgart.ForeignBuddyIOSUITests";
				PRODUCT_NAME = "$(TARGET_NAME)";
				SWIFT_VERSION = 3.0;
				TEST_TARGET_NAME = ForeignBuddyIOS;
			};
			name = Debug;
		};
		2114F0211ECB067C00D2CECA /* Release */ = {
			isa = XCBuildConfiguration;
			baseConfigurationReference = 2CEB778570A4E035C7276B50 /* Pods-ForeignBuddyIOS-ForeignBuddyIOSUITests.release.xcconfig */;
			buildSettings = {
				ALWAYS_EMBED_SWIFT_STANDARD_LIBRARIES = YES;
				INFOPLIST_FILE = ForeignBuddyIOSUITests/Info.plist;
				LD_RUNPATH_SEARCH_PATHS = "$(inherited) @executable_path/Frameworks @loader_path/Frameworks";
				PRODUCT_BUNDLE_IDENTIFIER = "de.hdm-stuttgart.ForeignBuddyIOSUITests";
				PRODUCT_NAME = "$(TARGET_NAME)";
				SWIFT_VERSION = 3.0;
				TEST_TARGET_NAME = ForeignBuddyIOS;
			};
			name = Release;
		};
/* End XCBuildConfiguration section */

/* Begin XCConfigurationList section */
		2114EFEA1ECB067C00D2CECA /* Build configuration list for PBXProject "ForeignBuddyIOS" */ = {
			isa = XCConfigurationList;
			buildConfigurations = (
				2114F0171ECB067C00D2CECA /* Debug */,
				2114F0181ECB067C00D2CECA /* Release */,
			);
			defaultConfigurationIsVisible = 0;
			defaultConfigurationName = Release;
		};
		2114F0191ECB067C00D2CECA /* Build configuration list for PBXNativeTarget "ForeignBuddyIOS" */ = {
			isa = XCConfigurationList;
			buildConfigurations = (
				2114F01A1ECB067C00D2CECA /* Debug */,
				2114F01B1ECB067C00D2CECA /* Release */,
			);
			defaultConfigurationIsVisible = 0;
			defaultConfigurationName = Release;
		};
		2114F01C1ECB067C00D2CECA /* Build configuration list for PBXNativeTarget "ForeignBuddyIOSTests" */ = {
			isa = XCConfigurationList;
			buildConfigurations = (
				2114F01D1ECB067C00D2CECA /* Debug */,
				2114F01E1ECB067C00D2CECA /* Release */,
			);
			defaultConfigurationIsVisible = 0;
			defaultConfigurationName = Release;
		};
		2114F01F1ECB067C00D2CECA /* Build configuration list for PBXNativeTarget "ForeignBuddyIOSUITests" */ = {
			isa = XCConfigurationList;
			buildConfigurations = (
				2114F0201ECB067C00D2CECA /* Debug */,
				2114F0211ECB067C00D2CECA /* Release */,
			);
			defaultConfigurationIsVisible = 0;
			defaultConfigurationName = Release;
		};
/* End XCConfigurationList section */
	};
	rootObject = 2114EFE71ECB067C00D2CECA /* Project object */;
}
